// !$*UTF8*$!
{
	archiveVersion = 1;
	classes = {
	};
	objectVersion = 46;
	objects = {

/* Begin PBXBuildFile section */
		4502E4451D98EE2700A27588 /* main.cpp in Sources */ = {isa = PBXBuildFile; fileRef = 4502E4431D98EE2700A27588 /* main.cpp */; };
		4502E5091D98F11300A27588 /* ds1302.c in Sources */ = {isa = PBXBuildFile; fileRef = 4502E4601D98F11300A27588 /* ds1302.c */; };
		4502E50A1D98F11300A27588 /* gertboard.c in Sources */ = {isa = PBXBuildFile; fileRef = 4502E4631D98F11300A27588 /* gertboard.c */; };
		4502E50B1D98F11300A27588 /* lcd.c in Sources */ = {isa = PBXBuildFile; fileRef = 4502E4651D98F11300A27588 /* lcd.c */; };
		4502E50C1D98F11300A27588 /* lcd128x64.c in Sources */ = {isa = PBXBuildFile; fileRef = 4502E4671D98F11300A27588 /* lcd128x64.c */; };
		4502E50D1D98F11300A27588 /* Makefile in Sources */ = {isa = PBXBuildFile; fileRef = 4502E4691D98F11300A27588 /* Makefile */; };
		4502E50E1D98F11300A27588 /* maxdetect.c in Sources */ = {isa = PBXBuildFile; fileRef = 4502E46A1D98F11300A27588 /* maxdetect.c */; };
		4502E50F1D98F11300A27588 /* piFace.c in Sources */ = {isa = PBXBuildFile; fileRef = 4502E46C1D98F11300A27588 /* piFace.c */; };
		4502E5101D98F11300A27588 /* piFaceOld.c in Sources */ = {isa = PBXBuildFile; fileRef = 4502E46E1D98F11300A27588 /* piFaceOld.c */; };
		4502E5111D98F11300A27588 /* piGlow.c in Sources */ = {isa = PBXBuildFile; fileRef = 4502E46F1D98F11300A27588 /* piGlow.c */; };
		4502E5121D98F11300A27588 /* piNes.c in Sources */ = {isa = PBXBuildFile; fileRef = 4502E4711D98F11300A27588 /* piNes.c */; };
		4502E5131D98F11300A27588 /* scrollPhat.c in Sources */ = {isa = PBXBuildFile; fileRef = 4502E4731D98F11300A27588 /* scrollPhat.c */; };
		4502E5141D98F11300A27588 /* blink.c in Sources */ = {isa = PBXBuildFile; fileRef = 4502E4771D98F11300A27588 /* blink.c */; };
		4502E5151D98F11300A27588 /* blink12.c in Sources */ = {isa = PBXBuildFile; fileRef = 4502E47A1D98F11300A27588 /* blink12.c */; };
		4502E5161D98F11300A27588 /* blink12drcs.c in Sources */ = {isa = PBXBuildFile; fileRef = 4502E47B1D98F11300A27588 /* blink12drcs.c */; };
		4502E5171D98F11300A27588 /* blink6drcs.c in Sources */ = {isa = PBXBuildFile; fileRef = 4502E47C1D98F11300A27588 /* blink6drcs.c */; };
		4502E5181D98F11300A27588 /* blink8.c in Sources */ = {isa = PBXBuildFile; fileRef = 4502E47D1D98F11300A27588 /* blink8.c */; };
		4502E5191D98F11300A27588 /* clock.c in Sources */ = {isa = PBXBuildFile; fileRef = 4502E47E1D98F11300A27588 /* clock.c */; };
		4502E51A1D98F11300A27588 /* delayTest.c in Sources */ = {isa = PBXBuildFile; fileRef = 4502E4801D98F11300A27588 /* delayTest.c */; };
		4502E51B1D98F11300A27588 /* ds1302.c in Sources */ = {isa = PBXBuildFile; fileRef = 4502E4811D98F11300A27588 /* ds1302.c */; };
		4502E51C1D98F11300A27588 /* 7segments.c in Sources */ = {isa = PBXBuildFile; fileRef = 4502E4831D98F11300A27588 /* 7segments.c */; };
		4502E51D1D98F11300A27588 /* buttons.c in Sources */ = {isa = PBXBuildFile; fileRef = 4502E4841D98F11300A27588 /* buttons.c */; };
		4502E51E1D98F11300A27588 /* gertboard.c in Sources */ = {isa = PBXBuildFile; fileRef = 4502E4851D98F11300A27588 /* gertboard.c */; };
		4502E51F1D98F11300A27588 /* Makefile in Sources */ = {isa = PBXBuildFile; fileRef = 4502E4861D98F11300A27588 /* Makefile */; };
		4502E5201D98F11300A27588 /* record.c in Sources */ = {isa = PBXBuildFile; fileRef = 4502E4871D98F11300A27588 /* record.c */; };
		4502E5211D98F11300A27588 /* temperature.c in Sources */ = {isa = PBXBuildFile; fileRef = 4502E4881D98F11300A27588 /* temperature.c */; };
		4502E5221D98F11300A27588 /* voltmeter.c in Sources */ = {isa = PBXBuildFile; fileRef = 4502E4891D98F11300A27588 /* voltmeter.c */; };
		4502E5231D98F11300A27588 /* vumeter.c in Sources */ = {isa = PBXBuildFile; fileRef = 4502E48A1D98F11300A27588 /* vumeter.c */; };
		4502E5241D98F11300A27588 /* isr-osc.c in Sources */ = {isa = PBXBuildFile; fileRef = 4502E48C1D98F11300A27588 /* isr-osc.c */; };
		4502E5251D98F11300A27588 /* isr.c in Sources */ = {isa = PBXBuildFile; fileRef = 4502E48D1D98F11300A27588 /* isr.c */; };
		4502E5261D98F11300A27588 /* lcd-adafruit.c in Sources */ = {isa = PBXBuildFile; fileRef = 4502E48E1D98F11300A27588 /* lcd-adafruit.c */; };
		4502E5271D98F11300A27588 /* lcd.c in Sources */ = {isa = PBXBuildFile; fileRef = 4502E48F1D98F11300A27588 /* lcd.c */; };
		4502E5281D98F11300A27588 /* lowPower.c in Sources */ = {isa = PBXBuildFile; fileRef = 4502E4901D98F11300A27588 /* lowPower.c */; };
		4502E5291D98F11300A27588 /* Makefile in Sources */ = {isa = PBXBuildFile; fileRef = 4502E4911D98F11300A27588 /* Makefile */; };
		4502E52A1D98F11300A27588 /* max31855.c in Sources */ = {isa = PBXBuildFile; fileRef = 4502E4921D98F11300A27588 /* max31855.c */; };
		4502E52B1D98F11300A27588 /* nes.c in Sources */ = {isa = PBXBuildFile; fileRef = 4502E4931D98F11300A27588 /* nes.c */; };
		4502E52C1D98F11300A27588 /* okLed.c in Sources */ = {isa = PBXBuildFile; fileRef = 4502E4941D98F11300A27588 /* okLed.c */; };
		4502E52D1D98F11300A27588 /* blink.c in Sources */ = {isa = PBXBuildFile; fileRef = 4502E4961D98F11300A27588 /* blink.c */; };
		4502E52E1D98F11300A27588 /* buttons.c in Sources */ = {isa = PBXBuildFile; fileRef = 4502E4971D98F11300A27588 /* buttons.c */; };
		4502E52F1D98F11300A27588 /* ladder.c in Sources */ = {isa = PBXBuildFile; fileRef = 4502E4981D98F11300A27588 /* ladder.c */; };
		4502E5301D98F11300A27588 /* Makefile in Sources */ = {isa = PBXBuildFile; fileRef = 4502E4991D98F11300A27588 /* Makefile */; };
		4502E5311D98F11300A27588 /* metro.c in Sources */ = {isa = PBXBuildFile; fileRef = 4502E49A1D98F11300A27588 /* metro.c */; };
		4502E5321D98F11300A27588 /* motor.c in Sources */ = {isa = PBXBuildFile; fileRef = 4502E49B1D98F11300A27588 /* motor.c */; };
		4502E5331D98F11300A27588 /* reaction.c in Sources */ = {isa = PBXBuildFile; fileRef = 4502E49C1D98F11300A27588 /* reaction.c */; };
		4502E5341D98F11300A27588 /* Makefile in Sources */ = {isa = PBXBuildFile; fileRef = 4502E49E1D98F11300A27588 /* Makefile */; };
		4502E5351D98F11300A27588 /* piglow.c in Sources */ = {isa = PBXBuildFile; fileRef = 4502E49F1D98F11300A27588 /* piglow.c */; };
		4502E5361D98F11300A27588 /* piGlow0.c in Sources */ = {isa = PBXBuildFile; fileRef = 4502E4A01D98F11300A27588 /* piGlow0.c */; };
		4502E5371D98F11300A27588 /* piGlow1.c in Sources */ = {isa = PBXBuildFile; fileRef = 4502E4A11D98F11300A27588 /* piGlow1.c */; };
		4502E5381D98F11300A27588 /* pwm.c in Sources */ = {isa = PBXBuildFile; fileRef = 4502E4A21D98F11300A27588 /* pwm.c */; };
		4502E5391D98F11300A27588 /* binary.c in Sources */ = {isa = PBXBuildFile; fileRef = 4502E4A41D98F11300A27588 /* binary.c */; };
		4502E53A1D98F11300A27588 /* blink-io.c in Sources */ = {isa = PBXBuildFile; fileRef = 4502E4A51D98F11300A27588 /* blink-io.c */; };
		4502E53B1D98F11300A27588 /* blink.c in Sources */ = {isa = PBXBuildFile; fileRef = 4502E4A61D98F11300A27588 /* blink.c */; };
		4502E53C1D98F11300A27588 /* bright.c in Sources */ = {isa = PBXBuildFile; fileRef = 4502E4A81D98F11300A27588 /* bright.c */; };
		4502E53D1D98F11300A27588 /* button.c in Sources */ = {isa = PBXBuildFile; fileRef = 4502E4A91D98F11300A27588 /* button.c */; };
		4502E53E1D98F11300A27588 /* Makefile in Sources */ = {isa = PBXBuildFile; fileRef = 4502E4AA1D98F11300A27588 /* Makefile */; };
		4502E53F1D98F11300A27588 /* volts.c in Sources */ = {isa = PBXBuildFile; fileRef = 4502E4AB1D98F11300A27588 /* volts.c */; };
		4502E5401D98F11300A27588 /* rht03.c in Sources */ = {isa = PBXBuildFile; fileRef = 4502E4AD1D98F11300A27588 /* rht03.c */; };
		4502E5411D98F11300A27588 /* Makefile in Sources */ = {isa = PBXBuildFile; fileRef = 4502E4AF1D98F11300A27588 /* Makefile */; };
		4502E5421D98F11300A27588 /* scphat.c in Sources */ = {isa = PBXBuildFile; fileRef = 4502E4B01D98F11300A27588 /* scphat.c */; };
		4502E5431D98F11300A27588 /* test.c in Sources */ = {isa = PBXBuildFile; fileRef = 4502E4B11D98F11300A27588 /* test.c */; };
		4502E5441D98F11300A27588 /* serialRead.c in Sources */ = {isa = PBXBuildFile; fileRef = 4502E4B21D98F11300A27588 /* serialRead.c */; };
		4502E5451D98F11300A27588 /* serialTest.c in Sources */ = {isa = PBXBuildFile; fileRef = 4502E4B31D98F11300A27588 /* serialTest.c */; };
		4502E5461D98F11300A27588 /* servo.c in Sources */ = {isa = PBXBuildFile; fileRef = 4502E4B41D98F11300A27588 /* servo.c */; };
		4502E5471D98F11300A27588 /* softPwm.c in Sources */ = {isa = PBXBuildFile; fileRef = 4502E4B51D98F11300A27588 /* softPwm.c */; };
		4502E5481D98F11300A27588 /* softTone.c in Sources */ = {isa = PBXBuildFile; fileRef = 4502E4B61D98F11300A27588 /* softTone.c */; };
		4502E5491D98F11300A27588 /* speed.c in Sources */ = {isa = PBXBuildFile; fileRef = 4502E4B71D98F11300A27588 /* speed.c */; };
		4502E54A1D98F11300A27588 /* spiSpeed.c in Sources */ = {isa = PBXBuildFile; fileRef = 4502E4B81D98F11300A27588 /* spiSpeed.c */; };
		4502E54B1D98F11300A27588 /* wfi.c in Sources */ = {isa = PBXBuildFile; fileRef = 4502E4B91D98F11300A27588 /* wfi.c */; };
		4502E54C1D98F11300A27588 /* gpio.c in Sources */ = {isa = PBXBuildFile; fileRef = 4502E4BD1D98F11300A27588 /* gpio.c */; };
		4502E54D1D98F11300A27588 /* Makefile in Sources */ = {isa = PBXBuildFile; fileRef = 4502E4BE1D98F11300A27588 /* Makefile */; };
		4502E54E1D98F11300A27588 /* pins.c in Sources */ = {isa = PBXBuildFile; fileRef = 4502E4BF1D98F11300A27588 /* pins.c */; };
		4502E54F1D98F11300A27588 /* readall.c in Sources */ = {isa = PBXBuildFile; fileRef = 4502E4C11D98F11300A27588 /* readall.c */; };
		4502E5501D98F11300A27588 /* Makefile in Sources */ = {isa = PBXBuildFile; fileRef = 4502E4C81D98F11300A27588 /* Makefile */; };
		4502E5511D98F11300A27588 /* ads1115.c in Sources */ = {isa = PBXBuildFile; fileRef = 4502E4CE1D98F11300A27588 /* ads1115.c */; };
		4502E5521D98F11300A27588 /* drcSerial.c in Sources */ = {isa = PBXBuildFile; fileRef = 4502E4D11D98F11300A27588 /* drcSerial.c */; };
		4502E5531D98F11300A27588 /* Makefile in Sources */ = {isa = PBXBuildFile; fileRef = 4502E4D31D98F11300A27588 /* Makefile */; };
		4502E5541D98F11300A27588 /* max31855.c in Sources */ = {isa = PBXBuildFile; fileRef = 4502E4D41D98F11300A27588 /* max31855.c */; };
		4502E5551D98F11300A27588 /* max5322.c in Sources */ = {isa = PBXBuildFile; fileRef = 4502E4D61D98F11300A27588 /* max5322.c */; };
		4502E5561D98F11300A27588 /* mcp23008.c in Sources */ = {isa = PBXBuildFile; fileRef = 4502E4D81D98F11300A27588 /* mcp23008.c */; };
		4502E5571D98F11300A27588 /* mcp23016.c in Sources */ = {isa = PBXBuildFile; fileRef = 4502E4DA1D98F11300A27588 /* mcp23016.c */; };
		4502E5581D98F11300A27588 /* mcp23017.c in Sources */ = {isa = PBXBuildFile; fileRef = 4502E4DD1D98F11300A27588 /* mcp23017.c */; };
		4502E5591D98F11300A27588 /* mcp23s08.c in Sources */ = {isa = PBXBuildFile; fileRef = 4502E4DF1D98F11300A27588 /* mcp23s08.c */; };
		4502E55A1D98F11300A27588 /* mcp23s17.c in Sources */ = {isa = PBXBuildFile; fileRef = 4502E4E11D98F11300A27588 /* mcp23s17.c */; };
		4502E55B1D98F11300A27588 /* mcp3002.c in Sources */ = {isa = PBXBuildFile; fileRef = 4502E4E51D98F11300A27588 /* mcp3002.c */; };
		4502E55C1D98F11300A27588 /* mcp3004.c in Sources */ = {isa = PBXBuildFile; fileRef = 4502E4E71D98F11300A27588 /* mcp3004.c */; };
		4502E55D1D98F11300A27588 /* mcp3422.c in Sources */ = {isa = PBXBuildFile; fileRef = 4502E4E91D98F11300A27588 /* mcp3422.c */; };
		4502E55E1D98F11300A27588 /* mcp4802.c in Sources */ = {isa = PBXBuildFile; fileRef = 4502E4EB1D98F11300A27588 /* mcp4802.c */; };
		4502E55F1D98F11300A27588 /* pcf8574.c in Sources */ = {isa = PBXBuildFile; fileRef = 4502E4ED1D98F11300A27588 /* pcf8574.c */; };
		4502E5601D98F11300A27588 /* pcf8591.c in Sources */ = {isa = PBXBuildFile; fileRef = 4502E4EF1D98F11300A27588 /* pcf8591.c */; };
		4502E5611D98F11300A27588 /* piHiPri.c in Sources */ = {isa = PBXBuildFile; fileRef = 4502E4F11D98F11300A27588 /* piHiPri.c */; };
		4502E5621D98F11300A27588 /* piThread.c in Sources */ = {isa = PBXBuildFile; fileRef = 4502E4F21D98F11300A27588 /* piThread.c */; };
		4502E5631D98F11300A27588 /* sn3218.c in Sources */ = {isa = PBXBuildFile; fileRef = 4502E4F31D98F11300A27588 /* sn3218.c */; };
		4502E5641D98F11300A27588 /* softPwm.c in Sources */ = {isa = PBXBuildFile; fileRef = 4502E4F51D98F11300A27588 /* softPwm.c */; };
		4502E5651D98F11300A27588 /* softServo.c in Sources */ = {isa = PBXBuildFile; fileRef = 4502E4F71D98F11300A27588 /* softServo.c */; };
		4502E5661D98F11300A27588 /* softTone.c in Sources */ = {isa = PBXBuildFile; fileRef = 4502E4F91D98F11300A27588 /* softTone.c */; };
		4502E5671D98F11300A27588 /* sr595.c in Sources */ = {isa = PBXBuildFile; fileRef = 4502E4FB1D98F11300A27588 /* sr595.c */; };
		4502E5681D98F11300A27588 /* wiringPi.c in Sources */ = {isa = PBXBuildFile; fileRef = 4502E4FD1D98F11300A27588 /* wiringPi.c */; };
		4502E5691D98F11300A27588 /* wiringPiI2C.c in Sources */ = {isa = PBXBuildFile; fileRef = 4502E4FF1D98F11300A27588 /* wiringPiI2C.c */; };
		4502E56A1D98F11300A27588 /* wiringPiSPI.c in Sources */ = {isa = PBXBuildFile; fileRef = 4502E5011D98F11300A27588 /* wiringPiSPI.c */; };
		4502E56B1D98F11300A27588 /* wiringSerial.c in Sources */ = {isa = PBXBuildFile; fileRef = 4502E5031D98F11300A27588 /* wiringSerial.c */; };
		4502E56C1D98F11300A27588 /* wiringShift.c in Sources */ = {isa = PBXBuildFile; fileRef = 4502E5051D98F11300A27588 /* wiringShift.c */; };
		4502E56D1D98F11300A27588 /* wpiExtensions.c in Sources */ = {isa = PBXBuildFile; fileRef = 4502E5071D98F11300A27588 /* wpiExtensions.c */; };
		45FE9ABD1D9CDF11000C872D /* Makefile in Sources */ = {isa = PBXBuildFile; fileRef = 45FE9ABC1D9CDF11000C872D /* Makefile */; };
		45FE9AC01D9CEA4A000C872D /* UltraSensor.cpp in Sources */ = {isa = PBXBuildFile; fileRef = 45FE9ABE1D9CEA4A000C872D /* UltraSensor.cpp */; };
		45FE9AC31D9CF4AC000C872D /* ConcurrentQueue.cpp in Sources */ = {isa = PBXBuildFile; fileRef = 45FE9AC21D9CF4AC000C872D /* ConcurrentQueue.cpp */; };
/* End PBXBuildFile section */

/* Begin PBXCopyFilesBuildPhase section */
		452AA7111D9514AE0005D192 /* CopyFiles */ = {
			isa = PBXCopyFilesBuildPhase;
			buildActionMask = 2147483647;
			dstPath = /usr/share/man/man1/;
			dstSubfolderSpec = 0;
			files = (
			);
			runOnlyForDeploymentPostprocessing = 1;
		};
/* End PBXCopyFilesBuildPhase section */

/* Begin PBXFileReference section */
		4502E4431D98EE2700A27588 /* main.cpp */ = {isa = PBXFileReference; fileEncoding = 4; lastKnownFileType = sourcecode.cpp.cpp; path = main.cpp; sourceTree = "<group>"; };
		4502E4471D98EF4200A27588 /* main.hpp */ = {isa = PBXFileReference; fileEncoding = 4; lastKnownFileType = sourcecode.cpp.h; path = main.hpp; sourceTree = "<group>"; };
		4502E4491D98F11300A27588 /* .gitignore */ = {isa = PBXFileReference; fileEncoding = 4; lastKnownFileType = text; path = .gitignore; sourceTree = "<group>"; };
		4502E44A1D98F11300A27588 /* build */ = {isa = PBXFileReference; fileEncoding = 4; lastKnownFileType = text.script.sh; path = build; sourceTree = "<group>"; };
		4502E44B1D98F11300A27588 /* COPYING.LESSER */ = {isa = PBXFileReference; fileEncoding = 4; lastKnownFileType = text; path = COPYING.LESSER; sourceTree = "<group>"; };
		4502E44D1D98F11300A27588 /* .gitignore */ = {isa = PBXFileReference; fileEncoding = 4; lastKnownFileType = text; path = .gitignore; sourceTree = "<group>"; };
		4502E44E1D98F11300A27588 /* changelog */ = {isa = PBXFileReference; fileEncoding = 4; lastKnownFileType = text; path = changelog; sourceTree = "<group>"; };
		4502E44F1D98F11300A27588 /* compat */ = {isa = PBXFileReference; fileEncoding = 4; lastKnownFileType = text; path = compat; sourceTree = "<group>"; };
		4502E4501D98F11300A27588 /* control */ = {isa = PBXFileReference; fileEncoding = 4; lastKnownFileType = text; path = control; sourceTree = "<group>"; };
		4502E4511D98F11300A27588 /* copyright */ = {isa = PBXFileReference; fileEncoding = 4; lastKnownFileType = text; path = copyright; sourceTree = "<group>"; };
		4502E4521D98F11300A27588 /* libwiringpi-dev.dirs */ = {isa = PBXFileReference; fileEncoding = 4; lastKnownFileType = text; path = "libwiringpi-dev.dirs"; sourceTree = "<group>"; };
		4502E4531D98F11300A27588 /* libwiringpi-dev.install */ = {isa = PBXFileReference; fileEncoding = 4; lastKnownFileType = text; path = "libwiringpi-dev.install"; sourceTree = "<group>"; };
		4502E4541D98F11300A27588 /* libwiringpi2.install */ = {isa = PBXFileReference; fileEncoding = 4; lastKnownFileType = text; path = libwiringpi2.install; sourceTree = "<group>"; };
		4502E4551D98F11300A27588 /* libwiringpi2.shlibs */ = {isa = PBXFileReference; fileEncoding = 4; lastKnownFileType = text; path = libwiringpi2.shlibs; sourceTree = "<group>"; };
		4502E4561D98F11300A27588 /* rules */ = {isa = PBXFileReference; fileEncoding = 4; lastKnownFileType = text; path = rules; sourceTree = "<group>"; };
		4502E4571D98F11300A27588 /* wiringpi.dirs */ = {isa = PBXFileReference; fileEncoding = 4; lastKnownFileType = text; path = wiringpi.dirs; sourceTree = "<group>"; };
		4502E4581D98F11300A27588 /* wiringpi.install */ = {isa = PBXFileReference; fileEncoding = 4; lastKnownFileType = text; path = wiringpi.install; sourceTree = "<group>"; };
		4502E45C1D98F11300A27588 /* control */ = {isa = PBXFileReference; fileEncoding = 4; lastKnownFileType = text; path = control; sourceTree = "<group>"; };
		4502E45D1D98F11300A27588 /* postinst */ = {isa = PBXFileReference; fileEncoding = 4; lastKnownFileType = text.script.sh; path = postinst; sourceTree = "<group>"; };
		4502E45E1D98F11300A27588 /* postrm */ = {isa = PBXFileReference; fileEncoding = 4; lastKnownFileType = text.script.sh; path = postrm; sourceTree = "<group>"; };
		4502E4601D98F11300A27588 /* ds1302.c */ = {isa = PBXFileReference; fileEncoding = 4; lastKnownFileType = sourcecode.c.c; path = ds1302.c; sourceTree = "<group>"; };
		4502E4611D98F11300A27588 /* ds1302.h */ = {isa = PBXFileReference; fileEncoding = 4; lastKnownFileType = sourcecode.c.h; path = ds1302.h; sourceTree = "<group>"; };
		4502E4621D98F11300A27588 /* font.h */ = {isa = PBXFileReference; fileEncoding = 4; lastKnownFileType = sourcecode.c.h; path = font.h; sourceTree = "<group>"; };
		4502E4631D98F11300A27588 /* gertboard.c */ = {isa = PBXFileReference; fileEncoding = 4; lastKnownFileType = sourcecode.c.c; path = gertboard.c; sourceTree = "<group>"; };
		4502E4641D98F11300A27588 /* gertboard.h */ = {isa = PBXFileReference; fileEncoding = 4; lastKnownFileType = sourcecode.c.h; path = gertboard.h; sourceTree = "<group>"; };
		4502E4651D98F11300A27588 /* lcd.c */ = {isa = PBXFileReference; fileEncoding = 4; lastKnownFileType = sourcecode.c.c; path = lcd.c; sourceTree = "<group>"; };
		4502E4661D98F11300A27588 /* lcd.h */ = {isa = PBXFileReference; fileEncoding = 4; lastKnownFileType = sourcecode.c.h; path = lcd.h; sourceTree = "<group>"; };
		4502E4671D98F11300A27588 /* lcd128x64.c */ = {isa = PBXFileReference; fileEncoding = 4; lastKnownFileType = sourcecode.c.c; path = lcd128x64.c; sourceTree = "<group>"; };
		4502E4681D98F11300A27588 /* lcd128x64.h */ = {isa = PBXFileReference; fileEncoding = 4; lastKnownFileType = sourcecode.c.h; path = lcd128x64.h; sourceTree = "<group>"; };
		4502E4691D98F11300A27588 /* Makefile */ = {isa = PBXFileReference; fileEncoding = 4; lastKnownFileType = sourcecode.make; path = Makefile; sourceTree = "<group>"; };
		4502E46A1D98F11300A27588 /* maxdetect.c */ = {isa = PBXFileReference; fileEncoding = 4; lastKnownFileType = sourcecode.c.c; path = maxdetect.c; sourceTree = "<group>"; };
		4502E46B1D98F11300A27588 /* maxdetect.h */ = {isa = PBXFileReference; fileEncoding = 4; lastKnownFileType = sourcecode.c.h; path = maxdetect.h; sourceTree = "<group>"; };
		4502E46C1D98F11300A27588 /* piFace.c */ = {isa = PBXFileReference; fileEncoding = 4; lastKnownFileType = sourcecode.c.c; path = piFace.c; sourceTree = "<group>"; };
		4502E46D1D98F11300A27588 /* piFace.h */ = {isa = PBXFileReference; fileEncoding = 4; lastKnownFileType = sourcecode.c.h; path = piFace.h; sourceTree = "<group>"; };
		4502E46E1D98F11300A27588 /* piFaceOld.c */ = {isa = PBXFileReference; fileEncoding = 4; lastKnownFileType = sourcecode.c.c; path = piFaceOld.c; sourceTree = "<group>"; };
		4502E46F1D98F11300A27588 /* piGlow.c */ = {isa = PBXFileReference; fileEncoding = 4; lastKnownFileType = sourcecode.c.c; path = piGlow.c; sourceTree = "<group>"; };
		4502E4701D98F11300A27588 /* piGlow.h */ = {isa = PBXFileReference; fileEncoding = 4; lastKnownFileType = sourcecode.c.h; path = piGlow.h; sourceTree = "<group>"; };
		4502E4711D98F11300A27588 /* piNes.c */ = {isa = PBXFileReference; fileEncoding = 4; lastKnownFileType = sourcecode.c.c; path = piNes.c; sourceTree = "<group>"; };
		4502E4721D98F11300A27588 /* piNes.h */ = {isa = PBXFileReference; fileEncoding = 4; lastKnownFileType = sourcecode.c.h; path = piNes.h; sourceTree = "<group>"; };
		4502E4731D98F11300A27588 /* scrollPhat.c */ = {isa = PBXFileReference; fileEncoding = 4; lastKnownFileType = sourcecode.c.c; path = scrollPhat.c; sourceTree = "<group>"; };
		4502E4741D98F11300A27588 /* scrollPhat.h */ = {isa = PBXFileReference; fileEncoding = 4; lastKnownFileType = sourcecode.c.h; path = scrollPhat.h; sourceTree = "<group>"; };
		4502E4751D98F11300A27588 /* scrollPhatFont.h */ = {isa = PBXFileReference; fileEncoding = 4; lastKnownFileType = sourcecode.c.h; path = scrollPhatFont.h; sourceTree = "<group>"; };
		4502E4771D98F11300A27588 /* blink.c */ = {isa = PBXFileReference; fileEncoding = 4; lastKnownFileType = sourcecode.c.c; path = blink.c; sourceTree = "<group>"; };
		4502E4781D98F11300A27588 /* blink.rtb */ = {isa = PBXFileReference; fileEncoding = 4; lastKnownFileType = text; path = blink.rtb; sourceTree = "<group>"; };
		4502E4791D98F11300A27588 /* blink.sh */ = {isa = PBXFileReference; fileEncoding = 4; lastKnownFileType = text.script.sh; path = blink.sh; sourceTree = "<group>"; };
		4502E47A1D98F11300A27588 /* blink12.c */ = {isa = PBXFileReference; fileEncoding = 4; lastKnownFileType = sourcecode.c.c; path = blink12.c; sourceTree = "<group>"; };
		4502E47B1D98F11300A27588 /* blink12drcs.c */ = {isa = PBXFileReference; fileEncoding = 4; lastKnownFileType = sourcecode.c.c; path = blink12drcs.c; sourceTree = "<group>"; };
		4502E47C1D98F11300A27588 /* blink6drcs.c */ = {isa = PBXFileReference; fileEncoding = 4; lastKnownFileType = sourcecode.c.c; path = blink6drcs.c; sourceTree = "<group>"; };
		4502E47D1D98F11300A27588 /* blink8.c */ = {isa = PBXFileReference; fileEncoding = 4; lastKnownFileType = sourcecode.c.c; path = blink8.c; sourceTree = "<group>"; };
		4502E47E1D98F11300A27588 /* clock.c */ = {isa = PBXFileReference; fileEncoding = 4; lastKnownFileType = sourcecode.c.c; path = clock.c; sourceTree = "<group>"; };
		4502E47F1D98F11300A27588 /* COPYING.LESSER */ = {isa = PBXFileReference; fileEncoding = 4; lastKnownFileType = text; path = COPYING.LESSER; sourceTree = "<group>"; };
		4502E4801D98F11300A27588 /* delayTest.c */ = {isa = PBXFileReference; fileEncoding = 4; lastKnownFileType = sourcecode.c.c; path = delayTest.c; sourceTree = "<group>"; };
		4502E4811D98F11300A27588 /* ds1302.c */ = {isa = PBXFileReference; fileEncoding = 4; lastKnownFileType = sourcecode.c.c; path = ds1302.c; sourceTree = "<group>"; };
		4502E4831D98F11300A27588 /* 7segments.c */ = {isa = PBXFileReference; fileEncoding = 4; lastKnownFileType = sourcecode.c.c; path = 7segments.c; sourceTree = "<group>"; };
		4502E4841D98F11300A27588 /* buttons.c */ = {isa = PBXFileReference; fileEncoding = 4; lastKnownFileType = sourcecode.c.c; path = buttons.c; sourceTree = "<group>"; };
		4502E4851D98F11300A27588 /* gertboard.c */ = {isa = PBXFileReference; fileEncoding = 4; lastKnownFileType = sourcecode.c.c; path = gertboard.c; sourceTree = "<group>"; };
		4502E4861D98F11300A27588 /* Makefile */ = {isa = PBXFileReference; fileEncoding = 4; lastKnownFileType = sourcecode.make; path = Makefile; sourceTree = "<group>"; };
		4502E4871D98F11300A27588 /* record.c */ = {isa = PBXFileReference; fileEncoding = 4; lastKnownFileType = sourcecode.c.c; path = record.c; sourceTree = "<group>"; };
		4502E4881D98F11300A27588 /* temperature.c */ = {isa = PBXFileReference; fileEncoding = 4; lastKnownFileType = sourcecode.c.c; path = temperature.c; sourceTree = "<group>"; };
		4502E4891D98F11300A27588 /* voltmeter.c */ = {isa = PBXFileReference; fileEncoding = 4; lastKnownFileType = sourcecode.c.c; path = voltmeter.c; sourceTree = "<group>"; };
		4502E48A1D98F11300A27588 /* vumeter.c */ = {isa = PBXFileReference; fileEncoding = 4; lastKnownFileType = sourcecode.c.c; path = vumeter.c; sourceTree = "<group>"; };
		4502E48B1D98F11300A27588 /* header.h */ = {isa = PBXFileReference; fileEncoding = 4; lastKnownFileType = sourcecode.c.h; path = header.h; sourceTree = "<group>"; };
		4502E48C1D98F11300A27588 /* isr-osc.c */ = {isa = PBXFileReference; fileEncoding = 4; lastKnownFileType = sourcecode.c.c; path = "isr-osc.c"; sourceTree = "<group>"; };
		4502E48D1D98F11300A27588 /* isr.c */ = {isa = PBXFileReference; fileEncoding = 4; lastKnownFileType = sourcecode.c.c; path = isr.c; sourceTree = "<group>"; };
		4502E48E1D98F11300A27588 /* lcd-adafruit.c */ = {isa = PBXFileReference; fileEncoding = 4; lastKnownFileType = sourcecode.c.c; path = "lcd-adafruit.c"; sourceTree = "<group>"; };
		4502E48F1D98F11300A27588 /* lcd.c */ = {isa = PBXFileReference; fileEncoding = 4; lastKnownFileType = sourcecode.c.c; path = lcd.c; sourceTree = "<group>"; };
		4502E4901D98F11300A27588 /* lowPower.c */ = {isa = PBXFileReference; fileEncoding = 4; lastKnownFileType = sourcecode.c.c; path = lowPower.c; sourceTree = "<group>"; };
		4502E4911D98F11300A27588 /* Makefile */ = {isa = PBXFileReference; fileEncoding = 4; lastKnownFileType = sourcecode.make; path = Makefile; sourceTree = "<group>"; };
		4502E4921D98F11300A27588 /* max31855.c */ = {isa = PBXFileReference; fileEncoding = 4; lastKnownFileType = sourcecode.c.c; path = max31855.c; sourceTree = "<group>"; };
		4502E4931D98F11300A27588 /* nes.c */ = {isa = PBXFileReference; fileEncoding = 4; lastKnownFileType = sourcecode.c.c; path = nes.c; sourceTree = "<group>"; };
		4502E4941D98F11300A27588 /* okLed.c */ = {isa = PBXFileReference; fileEncoding = 4; lastKnownFileType = sourcecode.c.c; path = okLed.c; sourceTree = "<group>"; };
		4502E4961D98F11300A27588 /* blink.c */ = {isa = PBXFileReference; fileEncoding = 4; lastKnownFileType = sourcecode.c.c; path = blink.c; sourceTree = "<group>"; };
		4502E4971D98F11300A27588 /* buttons.c */ = {isa = PBXFileReference; fileEncoding = 4; lastKnownFileType = sourcecode.c.c; path = buttons.c; sourceTree = "<group>"; };
		4502E4981D98F11300A27588 /* ladder.c */ = {isa = PBXFileReference; fileEncoding = 4; lastKnownFileType = sourcecode.c.c; path = ladder.c; sourceTree = "<group>"; };
		4502E4991D98F11300A27588 /* Makefile */ = {isa = PBXFileReference; fileEncoding = 4; lastKnownFileType = sourcecode.make; path = Makefile; sourceTree = "<group>"; };
		4502E49A1D98F11300A27588 /* metro.c */ = {isa = PBXFileReference; fileEncoding = 4; lastKnownFileType = sourcecode.c.c; path = metro.c; sourceTree = "<group>"; };
		4502E49B1D98F11300A27588 /* motor.c */ = {isa = PBXFileReference; fileEncoding = 4; lastKnownFileType = sourcecode.c.c; path = motor.c; sourceTree = "<group>"; };
		4502E49C1D98F11300A27588 /* reaction.c */ = {isa = PBXFileReference; fileEncoding = 4; lastKnownFileType = sourcecode.c.c; path = reaction.c; sourceTree = "<group>"; };
		4502E49E1D98F11300A27588 /* Makefile */ = {isa = PBXFileReference; fileEncoding = 4; lastKnownFileType = sourcecode.make; path = Makefile; sourceTree = "<group>"; };
		4502E49F1D98F11300A27588 /* piglow.c */ = {isa = PBXFileReference; fileEncoding = 4; lastKnownFileType = sourcecode.c.c; path = piglow.c; sourceTree = "<group>"; };
		4502E4A01D98F11300A27588 /* piGlow0.c */ = {isa = PBXFileReference; fileEncoding = 4; lastKnownFileType = sourcecode.c.c; path = piGlow0.c; sourceTree = "<group>"; };
		4502E4A11D98F11300A27588 /* piGlow1.c */ = {isa = PBXFileReference; fileEncoding = 4; lastKnownFileType = sourcecode.c.c; path = piGlow1.c; sourceTree = "<group>"; };
		4502E4A21D98F11300A27588 /* pwm.c */ = {isa = PBXFileReference; fileEncoding = 4; lastKnownFileType = sourcecode.c.c; path = pwm.c; sourceTree = "<group>"; };
		4502E4A41D98F11300A27588 /* binary.c */ = {isa = PBXFileReference; fileEncoding = 4; lastKnownFileType = sourcecode.c.c; path = binary.c; sourceTree = "<group>"; };
		4502E4A51D98F11300A27588 /* blink-io.c */ = {isa = PBXFileReference; fileEncoding = 4; lastKnownFileType = sourcecode.c.c; path = "blink-io.c"; sourceTree = "<group>"; };
		4502E4A61D98F11300A27588 /* blink.c */ = {isa = PBXFileReference; fileEncoding = 4; lastKnownFileType = sourcecode.c.c; path = blink.c; sourceTree = "<group>"; };
		4502E4A71D98F11300A27588 /* blink.sh */ = {isa = PBXFileReference; fileEncoding = 4; lastKnownFileType = text.script.sh; path = blink.sh; sourceTree = "<group>"; };
		4502E4A81D98F11300A27588 /* bright.c */ = {isa = PBXFileReference; fileEncoding = 4; lastKnownFileType = sourcecode.c.c; path = bright.c; sourceTree = "<group>"; };
		4502E4A91D98F11300A27588 /* button.c */ = {isa = PBXFileReference; fileEncoding = 4; lastKnownFileType = sourcecode.c.c; path = button.c; sourceTree = "<group>"; };
		4502E4AA1D98F11300A27588 /* Makefile */ = {isa = PBXFileReference; fileEncoding = 4; lastKnownFileType = sourcecode.make; path = Makefile; sourceTree = "<group>"; };
		4502E4AB1D98F11300A27588 /* volts.c */ = {isa = PBXFileReference; fileEncoding = 4; lastKnownFileType = sourcecode.c.c; path = volts.c; sourceTree = "<group>"; };
		4502E4AC1D98F11300A27588 /* README.TXT */ = {isa = PBXFileReference; fileEncoding = 4; lastKnownFileType = text; path = README.TXT; sourceTree = "<group>"; };
		4502E4AD1D98F11300A27588 /* rht03.c */ = {isa = PBXFileReference; fileEncoding = 4; lastKnownFileType = sourcecode.c.c; path = rht03.c; sourceTree = "<group>"; };
		4502E4AF1D98F11300A27588 /* Makefile */ = {isa = PBXFileReference; fileEncoding = 4; lastKnownFileType = sourcecode.make; path = Makefile; sourceTree = "<group>"; };
		4502E4B01D98F11300A27588 /* scphat.c */ = {isa = PBXFileReference; fileEncoding = 4; lastKnownFileType = sourcecode.c.c; path = scphat.c; sourceTree = "<group>"; };
		4502E4B11D98F11300A27588 /* test.c */ = {isa = PBXFileReference; fileEncoding = 4; lastKnownFileType = sourcecode.c.c; path = test.c; sourceTree = "<group>"; };
		4502E4B21D98F11300A27588 /* serialRead.c */ = {isa = PBXFileReference; fileEncoding = 4; lastKnownFileType = sourcecode.c.c; path = serialRead.c; sourceTree = "<group>"; };
		4502E4B31D98F11300A27588 /* serialTest.c */ = {isa = PBXFileReference; fileEncoding = 4; lastKnownFileType = sourcecode.c.c; path = serialTest.c; sourceTree = "<group>"; };
		4502E4B41D98F11300A27588 /* servo.c */ = {isa = PBXFileReference; fileEncoding = 4; lastKnownFileType = sourcecode.c.c; path = servo.c; sourceTree = "<group>"; };
		4502E4B51D98F11300A27588 /* softPwm.c */ = {isa = PBXFileReference; fileEncoding = 4; lastKnownFileType = sourcecode.c.c; path = softPwm.c; sourceTree = "<group>"; };
		4502E4B61D98F11300A27588 /* softTone.c */ = {isa = PBXFileReference; fileEncoding = 4; lastKnownFileType = sourcecode.c.c; path = softTone.c; sourceTree = "<group>"; };
		4502E4B71D98F11300A27588 /* speed.c */ = {isa = PBXFileReference; fileEncoding = 4; lastKnownFileType = sourcecode.c.c; path = speed.c; sourceTree = "<group>"; };
		4502E4B81D98F11300A27588 /* spiSpeed.c */ = {isa = PBXFileReference; fileEncoding = 4; lastKnownFileType = sourcecode.c.c; path = spiSpeed.c; sourceTree = "<group>"; };
		4502E4B91D98F11300A27588 /* wfi.c */ = {isa = PBXFileReference; fileEncoding = 4; lastKnownFileType = sourcecode.c.c; path = wfi.c; sourceTree = "<group>"; };
		4502E4BB1D98F11300A27588 /* COPYING.LESSER */ = {isa = PBXFileReference; fileEncoding = 4; lastKnownFileType = text; path = COPYING.LESSER; sourceTree = "<group>"; };
		4502E4BC1D98F11300A27588 /* gpio.1 */ = {isa = PBXFileReference; fileEncoding = 4; lastKnownFileType = text.man; path = gpio.1; sourceTree = "<group>"; };
		4502E4BD1D98F11300A27588 /* gpio.c */ = {isa = PBXFileReference; fileEncoding = 4; lastKnownFileType = sourcecode.c.c; path = gpio.c; sourceTree = "<group>"; };
		4502E4BE1D98F11300A27588 /* Makefile */ = {isa = PBXFileReference; fileEncoding = 4; lastKnownFileType = sourcecode.make; path = Makefile; sourceTree = "<group>"; };
		4502E4BF1D98F11300A27588 /* pins.c */ = {isa = PBXFileReference; fileEncoding = 4; lastKnownFileType = sourcecode.c.c; path = pins.c; sourceTree = "<group>"; };
		4502E4C01D98F11300A27588 /* pintest */ = {isa = PBXFileReference; fileEncoding = 4; lastKnownFileType = text.script.sh; path = pintest; sourceTree = "<group>"; };
		4502E4C11D98F11300A27588 /* readall.c */ = {isa = PBXFileReference; fileEncoding = 4; lastKnownFileType = sourcecode.c.c; path = readall.c; sourceTree = "<group>"; };
		4502E4C21D98F11300A27588 /* test.sh */ = {isa = PBXFileReference; fileEncoding = 4; lastKnownFileType = text.script.sh; path = test.sh; sourceTree = "<group>"; };
		4502E4C31D98F11300A27588 /* version.h */ = {isa = PBXFileReference; fileEncoding = 4; lastKnownFileType = sourcecode.c.h; path = version.h; sourceTree = "<group>"; };
		4502E4C41D98F11300A27588 /* INSTALL */ = {isa = PBXFileReference; fileEncoding = 4; lastKnownFileType = text; path = INSTALL; sourceTree = "<group>"; };
		4502E4C51D98F11300A27588 /* newVersion */ = {isa = PBXFileReference; fileEncoding = 4; lastKnownFileType = text.script.sh; path = newVersion; sourceTree = "<group>"; };
		4502E4C61D98F11300A27588 /* People */ = {isa = PBXFileReference; fileEncoding = 4; lastKnownFileType = text; path = People; sourceTree = "<group>"; };
		4502E4C81D98F11300A27588 /* Makefile */ = {isa = PBXFileReference; fileEncoding = 4; lastKnownFileType = sourcecode.make; path = Makefile; sourceTree = "<group>"; };
		4502E4C91D98F11300A27588 /* pins.pdf */ = {isa = PBXFileReference; lastKnownFileType = image.pdf; path = pins.pdf; sourceTree = "<group>"; };
		4502E4CA1D98F11300A27588 /* pins.tex */ = {isa = PBXFileReference; fileEncoding = 4; lastKnownFileType = text; path = pins.tex; sourceTree = "<group>"; };
		4502E4CB1D98F11300A27588 /* README.TXT */ = {isa = PBXFileReference; fileEncoding = 4; lastKnownFileType = text; path = README.TXT; sourceTree = "<group>"; };
		4502E4CC1D98F11300A27588 /* VERSION */ = {isa = PBXFileReference; fileEncoding = 4; lastKnownFileType = text; path = VERSION; sourceTree = "<group>"; };
		4502E4CE1D98F11300A27588 /* ads1115.c */ = {isa = PBXFileReference; fileEncoding = 4; lastKnownFileType = sourcecode.c.c; path = ads1115.c; sourceTree = "<group>"; };
		4502E4CF1D98F11300A27588 /* ads1115.h */ = {isa = PBXFileReference; fileEncoding = 4; lastKnownFileType = sourcecode.c.h; path = ads1115.h; sourceTree = "<group>"; };
		4502E4D01D98F11300A27588 /* COPYING.LESSER */ = {isa = PBXFileReference; fileEncoding = 4; lastKnownFileType = text; path = COPYING.LESSER; sourceTree = "<group>"; };
		4502E4D11D98F11300A27588 /* drcSerial.c */ = {isa = PBXFileReference; fileEncoding = 4; lastKnownFileType = sourcecode.c.c; path = drcSerial.c; sourceTree = "<group>"; };
		4502E4D21D98F11300A27588 /* drcSerial.h */ = {isa = PBXFileReference; fileEncoding = 4; lastKnownFileType = sourcecode.c.h; path = drcSerial.h; sourceTree = "<group>"; };
		4502E4D31D98F11300A27588 /* Makefile */ = {isa = PBXFileReference; fileEncoding = 4; lastKnownFileType = sourcecode.make; path = Makefile; sourceTree = "<group>"; };
		4502E4D41D98F11300A27588 /* max31855.c */ = {isa = PBXFileReference; fileEncoding = 4; lastKnownFileType = sourcecode.c.c; path = max31855.c; sourceTree = "<group>"; };
		4502E4D51D98F11300A27588 /* max31855.h */ = {isa = PBXFileReference; fileEncoding = 4; lastKnownFileType = sourcecode.c.h; path = max31855.h; sourceTree = "<group>"; };
		4502E4D61D98F11300A27588 /* max5322.c */ = {isa = PBXFileReference; fileEncoding = 4; lastKnownFileType = sourcecode.c.c; path = max5322.c; sourceTree = "<group>"; };
		4502E4D71D98F11300A27588 /* max5322.h */ = {isa = PBXFileReference; fileEncoding = 4; lastKnownFileType = sourcecode.c.h; path = max5322.h; sourceTree = "<group>"; };
		4502E4D81D98F11300A27588 /* mcp23008.c */ = {isa = PBXFileReference; fileEncoding = 4; lastKnownFileType = sourcecode.c.c; path = mcp23008.c; sourceTree = "<group>"; };
		4502E4D91D98F11300A27588 /* mcp23008.h */ = {isa = PBXFileReference; fileEncoding = 4; lastKnownFileType = sourcecode.c.h; path = mcp23008.h; sourceTree = "<group>"; };
		4502E4DA1D98F11300A27588 /* mcp23016.c */ = {isa = PBXFileReference; fileEncoding = 4; lastKnownFileType = sourcecode.c.c; path = mcp23016.c; sourceTree = "<group>"; };
		4502E4DB1D98F11300A27588 /* mcp23016.h */ = {isa = PBXFileReference; fileEncoding = 4; lastKnownFileType = sourcecode.c.h; path = mcp23016.h; sourceTree = "<group>"; };
		4502E4DC1D98F11300A27588 /* mcp23016reg.h */ = {isa = PBXFileReference; fileEncoding = 4; lastKnownFileType = sourcecode.c.h; path = mcp23016reg.h; sourceTree = "<group>"; };
		4502E4DD1D98F11300A27588 /* mcp23017.c */ = {isa = PBXFileReference; fileEncoding = 4; lastKnownFileType = sourcecode.c.c; path = mcp23017.c; sourceTree = "<group>"; };
		4502E4DE1D98F11300A27588 /* mcp23017.h */ = {isa = PBXFileReference; fileEncoding = 4; lastKnownFileType = sourcecode.c.h; path = mcp23017.h; sourceTree = "<group>"; };
		4502E4DF1D98F11300A27588 /* mcp23s08.c */ = {isa = PBXFileReference; fileEncoding = 4; lastKnownFileType = sourcecode.c.c; path = mcp23s08.c; sourceTree = "<group>"; };
		4502E4E01D98F11300A27588 /* mcp23s08.h */ = {isa = PBXFileReference; fileEncoding = 4; lastKnownFileType = sourcecode.c.h; path = mcp23s08.h; sourceTree = "<group>"; };
		4502E4E11D98F11300A27588 /* mcp23s17.c */ = {isa = PBXFileReference; fileEncoding = 4; lastKnownFileType = sourcecode.c.c; path = mcp23s17.c; sourceTree = "<group>"; };
		4502E4E21D98F11300A27588 /* mcp23s17.h */ = {isa = PBXFileReference; fileEncoding = 4; lastKnownFileType = sourcecode.c.h; path = mcp23s17.h; sourceTree = "<group>"; };
		4502E4E31D98F11300A27588 /* mcp23x08.h */ = {isa = PBXFileReference; fileEncoding = 4; lastKnownFileType = sourcecode.c.h; path = mcp23x08.h; sourceTree = "<group>"; };
		4502E4E41D98F11300A27588 /* mcp23x0817.h */ = {isa = PBXFileReference; fileEncoding = 4; lastKnownFileType = sourcecode.c.h; path = mcp23x0817.h; sourceTree = "<group>"; };
		4502E4E51D98F11300A27588 /* mcp3002.c */ = {isa = PBXFileReference; fileEncoding = 4; lastKnownFileType = sourcecode.c.c; path = mcp3002.c; sourceTree = "<group>"; };
		4502E4E61D98F11300A27588 /* mcp3002.h */ = {isa = PBXFileReference; fileEncoding = 4; lastKnownFileType = sourcecode.c.h; path = mcp3002.h; sourceTree = "<group>"; };
		4502E4E71D98F11300A27588 /* mcp3004.c */ = {isa = PBXFileReference; fileEncoding = 4; lastKnownFileType = sourcecode.c.c; path = mcp3004.c; sourceTree = "<group>"; };
		4502E4E81D98F11300A27588 /* mcp3004.h */ = {isa = PBXFileReference; fileEncoding = 4; lastKnownFileType = sourcecode.c.h; path = mcp3004.h; sourceTree = "<group>"; };
		4502E4E91D98F11300A27588 /* mcp3422.c */ = {isa = PBXFileReference; fileEncoding = 4; lastKnownFileType = sourcecode.c.c; path = mcp3422.c; sourceTree = "<group>"; };
		4502E4EA1D98F11300A27588 /* mcp3422.h */ = {isa = PBXFileReference; fileEncoding = 4; lastKnownFileType = sourcecode.c.h; path = mcp3422.h; sourceTree = "<group>"; };
		4502E4EB1D98F11300A27588 /* mcp4802.c */ = {isa = PBXFileReference; fileEncoding = 4; lastKnownFileType = sourcecode.c.c; path = mcp4802.c; sourceTree = "<group>"; };
		4502E4EC1D98F11300A27588 /* mcp4802.h */ = {isa = PBXFileReference; fileEncoding = 4; lastKnownFileType = sourcecode.c.h; path = mcp4802.h; sourceTree = "<group>"; };
		4502E4ED1D98F11300A27588 /* pcf8574.c */ = {isa = PBXFileReference; fileEncoding = 4; lastKnownFileType = sourcecode.c.c; path = pcf8574.c; sourceTree = "<group>"; };
		4502E4EE1D98F11300A27588 /* pcf8574.h */ = {isa = PBXFileReference; fileEncoding = 4; lastKnownFileType = sourcecode.c.h; path = pcf8574.h; sourceTree = "<group>"; };
		4502E4EF1D98F11300A27588 /* pcf8591.c */ = {isa = PBXFileReference; fileEncoding = 4; lastKnownFileType = sourcecode.c.c; path = pcf8591.c; sourceTree = "<group>"; };
		4502E4F01D98F11300A27588 /* pcf8591.h */ = {isa = PBXFileReference; fileEncoding = 4; lastKnownFileType = sourcecode.c.h; path = pcf8591.h; sourceTree = "<group>"; };
		4502E4F11D98F11300A27588 /* piHiPri.c */ = {isa = PBXFileReference; fileEncoding = 4; lastKnownFileType = sourcecode.c.c; path = piHiPri.c; sourceTree = "<group>"; };
		4502E4F21D98F11300A27588 /* piThread.c */ = {isa = PBXFileReference; fileEncoding = 4; lastKnownFileType = sourcecode.c.c; path = piThread.c; sourceTree = "<group>"; };
		4502E4F31D98F11300A27588 /* sn3218.c */ = {isa = PBXFileReference; fileEncoding = 4; lastKnownFileType = sourcecode.c.c; path = sn3218.c; sourceTree = "<group>"; };
		4502E4F41D98F11300A27588 /* sn3218.h */ = {isa = PBXFileReference; fileEncoding = 4; lastKnownFileType = sourcecode.c.h; path = sn3218.h; sourceTree = "<group>"; };
		4502E4F51D98F11300A27588 /* softPwm.c */ = {isa = PBXFileReference; fileEncoding = 4; lastKnownFileType = sourcecode.c.c; path = softPwm.c; sourceTree = "<group>"; };
		4502E4F61D98F11300A27588 /* softPwm.h */ = {isa = PBXFileReference; fileEncoding = 4; lastKnownFileType = sourcecode.c.h; path = softPwm.h; sourceTree = "<group>"; };
		4502E4F71D98F11300A27588 /* softServo.c */ = {isa = PBXFileReference; fileEncoding = 4; lastKnownFileType = sourcecode.c.c; path = softServo.c; sourceTree = "<group>"; };
		4502E4F81D98F11300A27588 /* softServo.h */ = {isa = PBXFileReference; fileEncoding = 4; lastKnownFileType = sourcecode.c.h; path = softServo.h; sourceTree = "<group>"; };
		4502E4F91D98F11300A27588 /* softTone.c */ = {isa = PBXFileReference; fileEncoding = 4; lastKnownFileType = sourcecode.c.c; path = softTone.c; sourceTree = "<group>"; };
		4502E4FA1D98F11300A27588 /* softTone.h */ = {isa = PBXFileReference; fileEncoding = 4; lastKnownFileType = sourcecode.c.h; path = softTone.h; sourceTree = "<group>"; };
		4502E4FB1D98F11300A27588 /* sr595.c */ = {isa = PBXFileReference; fileEncoding = 4; lastKnownFileType = sourcecode.c.c; path = sr595.c; sourceTree = "<group>"; };
		4502E4FC1D98F11300A27588 /* sr595.h */ = {isa = PBXFileReference; fileEncoding = 4; lastKnownFileType = sourcecode.c.h; path = sr595.h; sourceTree = "<group>"; };
		4502E4FD1D98F11300A27588 /* wiringPi.c */ = {isa = PBXFileReference; fileEncoding = 4; lastKnownFileType = sourcecode.c.c; path = wiringPi.c; sourceTree = "<group>"; };
		4502E4FE1D98F11300A27588 /* wiringPi.h */ = {isa = PBXFileReference; fileEncoding = 4; lastKnownFileType = sourcecode.c.h; path = wiringPi.h; sourceTree = "<group>"; };
		4502E4FF1D98F11300A27588 /* wiringPiI2C.c */ = {isa = PBXFileReference; fileEncoding = 4; lastKnownFileType = sourcecode.c.c; path = wiringPiI2C.c; sourceTree = "<group>"; };
		4502E5001D98F11300A27588 /* wiringPiI2C.h */ = {isa = PBXFileReference; fileEncoding = 4; lastKnownFileType = sourcecode.c.h; path = wiringPiI2C.h; sourceTree = "<group>"; };
		4502E5011D98F11300A27588 /* wiringPiSPI.c */ = {isa = PBXFileReference; fileEncoding = 4; lastKnownFileType = sourcecode.c.c; path = wiringPiSPI.c; sourceTree = "<group>"; };
		4502E5021D98F11300A27588 /* wiringPiSPI.h */ = {isa = PBXFileReference; fileEncoding = 4; lastKnownFileType = sourcecode.c.h; path = wiringPiSPI.h; sourceTree = "<group>"; };
		4502E5031D98F11300A27588 /* wiringSerial.c */ = {isa = PBXFileReference; fileEncoding = 4; lastKnownFileType = sourcecode.c.c; path = wiringSerial.c; sourceTree = "<group>"; };
		4502E5041D98F11300A27588 /* wiringSerial.h */ = {isa = PBXFileReference; fileEncoding = 4; lastKnownFileType = sourcecode.c.h; path = wiringSerial.h; sourceTree = "<group>"; };
		4502E5051D98F11300A27588 /* wiringShift.c */ = {isa = PBXFileReference; fileEncoding = 4; lastKnownFileType = sourcecode.c.c; path = wiringShift.c; sourceTree = "<group>"; };
		4502E5061D98F11300A27588 /* wiringShift.h */ = {isa = PBXFileReference; fileEncoding = 4; lastKnownFileType = sourcecode.c.h; path = wiringShift.h; sourceTree = "<group>"; };
		4502E5071D98F11300A27588 /* wpiExtensions.c */ = {isa = PBXFileReference; fileEncoding = 4; lastKnownFileType = sourcecode.c.c; path = wpiExtensions.c; sourceTree = "<group>"; };
		4502E5081D98F11300A27588 /* wpiExtensions.h */ = {isa = PBXFileReference; fileEncoding = 4; lastKnownFileType = sourcecode.c.h; path = wpiExtensions.h; sourceTree = "<group>"; };
		452AA7131D9514AE0005D192 /* rpi_slam */ = {isa = PBXFileReference; explicitFileType = "compiled.mach-o.executable"; includeInIndex = 0; path = rpi_slam; sourceTree = BUILT_PRODUCTS_DIR; };
		45FE9ABC1D9CDF11000C872D /* Makefile */ = {isa = PBXFileReference; fileEncoding = 4; lastKnownFileType = sourcecode.make; path = Makefile; sourceTree = "<group>"; };
		45FE9ABE1D9CEA4A000C872D /* UltraSensor.cpp */ = {isa = PBXFileReference; fileEncoding = 4; lastKnownFileType = sourcecode.cpp.cpp; path = UltraSensor.cpp; sourceTree = "<group>"; };
		45FE9AC11D9CEA7A000C872D /* UltraSensor.hpp */ = {isa = PBXFileReference; fileEncoding = 4; lastKnownFileType = sourcecode.cpp.h; path = UltraSensor.hpp; sourceTree = "<group>"; };
		45FE9AC21D9CF4AC000C872D /* ConcurrentQueue.cpp */ = {isa = PBXFileReference; fileEncoding = 4; lastKnownFileType = sourcecode.cpp.cpp; path = ConcurrentQueue.cpp; sourceTree = "<group>"; };
		45FE9AC41D9CF4C0000C872D /* ConcurrentQueue.hpp */ = {isa = PBXFileReference; lastKnownFileType = sourcecode.cpp.h; path = ConcurrentQueue.hpp; sourceTree = "<group>"; };
/* End PBXFileReference section */

/* Begin PBXFrameworksBuildPhase section */
		452AA7101D9514AE0005D192 /* Frameworks */ = {
			isa = PBXFrameworksBuildPhase;
			buildActionMask = 2147483647;
			files = (
			);
			runOnlyForDeploymentPostprocessing = 0;
		};
/* End PBXFrameworksBuildPhase section */

/* Begin PBXGroup section */
		4502E3E61D98EDF700A27588 /* test */ = {
			isa = PBXGroup;
			children = (
			);
			path = test;
			sourceTree = "<group>";
		};
		4502E3E71D98EDF700A27588 /* includes */ = {
			isa = PBXGroup;
			children = (
				4502E4471D98EF4200A27588 /* main.hpp */,
				45FE9AC11D9CEA7A000C872D /* UltraSensor.hpp */,
				45FE9AC41D9CF4C0000C872D /* ConcurrentQueue.hpp */,
			);
			path = includes;
			sourceTree = "<group>";
		};
		4502E3E81D98EDF700A27588 /* lib */ = {
			isa = PBXGroup;
			children = (
				4502E4481D98F11300A27588 /* wiringPi */,
			);
			path = lib;
			sourceTree = "<group>";
		};
		4502E4251D98EDF700A27588 /* src */ = {
			isa = PBXGroup;
			children = (
				4502E4431D98EE2700A27588 /* main.cpp */,
				45FE9ABE1D9CEA4A000C872D /* UltraSensor.cpp */,
				45FE9AC21D9CF4AC000C872D /* ConcurrentQueue.cpp */,
			);
			path = src;
			sourceTree = "<group>";
		};
		4502E4481D98F11300A27588 /* wiringPi */ = {
			isa = PBXGroup;
			children = (
				4502E4491D98F11300A27588 /* .gitignore */,
				4502E44A1D98F11300A27588 /* build */,
				4502E44B1D98F11300A27588 /* COPYING.LESSER */,
				4502E44C1D98F11300A27588 /* debian */,
				4502E4591D98F11300A27588 /* debian-template */,
				4502E45F1D98F11300A27588 /* devLib */,
				4502E4761D98F11300A27588 /* examples */,
				4502E4BA1D98F11300A27588 /* gpio */,
				4502E4C41D98F11300A27588 /* INSTALL */,
				4502E4C51D98F11300A27588 /* newVersion */,
				4502E4C61D98F11300A27588 /* People */,
				4502E4C71D98F11300A27588 /* pins */,
				4502E4CB1D98F11300A27588 /* README.TXT */,
				4502E4CC1D98F11300A27588 /* VERSION */,
				4502E4CD1D98F11300A27588 /* wiringPi */,
			);
			path = wiringPi;
			sourceTree = "<group>";
		};
		4502E44C1D98F11300A27588 /* debian */ = {
			isa = PBXGroup;
			children = (
				4502E44D1D98F11300A27588 /* .gitignore */,
				4502E44E1D98F11300A27588 /* changelog */,
				4502E44F1D98F11300A27588 /* compat */,
				4502E4501D98F11300A27588 /* control */,
				4502E4511D98F11300A27588 /* copyright */,
				4502E4521D98F11300A27588 /* libwiringpi-dev.dirs */,
				4502E4531D98F11300A27588 /* libwiringpi-dev.install */,
				4502E4541D98F11300A27588 /* libwiringpi2.install */,
				4502E4551D98F11300A27588 /* libwiringpi2.shlibs */,
				4502E4561D98F11300A27588 /* rules */,
				4502E4571D98F11300A27588 /* wiringpi.dirs */,
				4502E4581D98F11300A27588 /* wiringpi.install */,
			);
			path = debian;
			sourceTree = "<group>";
		};
		4502E4591D98F11300A27588 /* debian-template */ = {
			isa = PBXGroup;
			children = (
				4502E45A1D98F11300A27588 /* wiringPi */,
			);
			path = "debian-template";
			sourceTree = "<group>";
		};
		4502E45A1D98F11300A27588 /* wiringPi */ = {
			isa = PBXGroup;
			children = (
				4502E45B1D98F11300A27588 /* DEBIAN */,
			);
			path = wiringPi;
			sourceTree = "<group>";
		};
		4502E45B1D98F11300A27588 /* DEBIAN */ = {
			isa = PBXGroup;
			children = (
				4502E45C1D98F11300A27588 /* control */,
				4502E45D1D98F11300A27588 /* postinst */,
				4502E45E1D98F11300A27588 /* postrm */,
			);
			path = DEBIAN;
			sourceTree = "<group>";
		};
		4502E45F1D98F11300A27588 /* devLib */ = {
			isa = PBXGroup;
			children = (
				4502E4601D98F11300A27588 /* ds1302.c */,
				4502E4611D98F11300A27588 /* ds1302.h */,
				4502E4621D98F11300A27588 /* font.h */,
				4502E4631D98F11300A27588 /* gertboard.c */,
				4502E4641D98F11300A27588 /* gertboard.h */,
				4502E4651D98F11300A27588 /* lcd.c */,
				4502E4661D98F11300A27588 /* lcd.h */,
				4502E4671D98F11300A27588 /* lcd128x64.c */,
				4502E4681D98F11300A27588 /* lcd128x64.h */,
				4502E4691D98F11300A27588 /* Makefile */,
				4502E46A1D98F11300A27588 /* maxdetect.c */,
				4502E46B1D98F11300A27588 /* maxdetect.h */,
				4502E46C1D98F11300A27588 /* piFace.c */,
				4502E46D1D98F11300A27588 /* piFace.h */,
				4502E46E1D98F11300A27588 /* piFaceOld.c */,
				4502E46F1D98F11300A27588 /* piGlow.c */,
				4502E4701D98F11300A27588 /* piGlow.h */,
				4502E4711D98F11300A27588 /* piNes.c */,
				4502E4721D98F11300A27588 /* piNes.h */,
				4502E4731D98F11300A27588 /* scrollPhat.c */,
				4502E4741D98F11300A27588 /* scrollPhat.h */,
				4502E4751D98F11300A27588 /* scrollPhatFont.h */,
			);
			path = devLib;
			sourceTree = "<group>";
		};
		4502E4761D98F11300A27588 /* examples */ = {
			isa = PBXGroup;
			children = (
				4502E4771D98F11300A27588 /* blink.c */,
				4502E4781D98F11300A27588 /* blink.rtb */,
				4502E4791D98F11300A27588 /* blink.sh */,
				4502E47A1D98F11300A27588 /* blink12.c */,
				4502E47B1D98F11300A27588 /* blink12drcs.c */,
				4502E47C1D98F11300A27588 /* blink6drcs.c */,
				4502E47D1D98F11300A27588 /* blink8.c */,
				4502E47E1D98F11300A27588 /* clock.c */,
				4502E47F1D98F11300A27588 /* COPYING.LESSER */,
				4502E4801D98F11300A27588 /* delayTest.c */,
				4502E4811D98F11300A27588 /* ds1302.c */,
				4502E4821D98F11300A27588 /* Gertboard */,
				4502E48B1D98F11300A27588 /* header.h */,
				4502E48C1D98F11300A27588 /* isr-osc.c */,
				4502E48D1D98F11300A27588 /* isr.c */,
				4502E48E1D98F11300A27588 /* lcd-adafruit.c */,
				4502E48F1D98F11300A27588 /* lcd.c */,
				4502E4901D98F11300A27588 /* lowPower.c */,
				4502E4911D98F11300A27588 /* Makefile */,
				4502E4921D98F11300A27588 /* max31855.c */,
				4502E4931D98F11300A27588 /* nes.c */,
				4502E4941D98F11300A27588 /* okLed.c */,
				4502E4951D98F11300A27588 /* PiFace */,
				4502E49D1D98F11300A27588 /* PiGlow */,
				4502E4A21D98F11300A27588 /* pwm.c */,
				4502E4A31D98F11300A27588 /* q2w */,
				4502E4AC1D98F11300A27588 /* README.TXT */,
				4502E4AD1D98F11300A27588 /* rht03.c */,
				4502E4AE1D98F11300A27588 /* scrollPhat */,
				4502E4B21D98F11300A27588 /* serialRead.c */,
				4502E4B31D98F11300A27588 /* serialTest.c */,
				4502E4B41D98F11300A27588 /* servo.c */,
				4502E4B51D98F11300A27588 /* softPwm.c */,
				4502E4B61D98F11300A27588 /* softTone.c */,
				4502E4B71D98F11300A27588 /* speed.c */,
				4502E4B81D98F11300A27588 /* spiSpeed.c */,
				4502E4B91D98F11300A27588 /* wfi.c */,
			);
			path = examples;
			sourceTree = "<group>";
		};
		4502E4821D98F11300A27588 /* Gertboard */ = {
			isa = PBXGroup;
			children = (
				4502E4831D98F11300A27588 /* 7segments.c */,
				4502E4841D98F11300A27588 /* buttons.c */,
				4502E4851D98F11300A27588 /* gertboard.c */,
				4502E4861D98F11300A27588 /* Makefile */,
				4502E4871D98F11300A27588 /* record.c */,
				4502E4881D98F11300A27588 /* temperature.c */,
				4502E4891D98F11300A27588 /* voltmeter.c */,
				4502E48A1D98F11300A27588 /* vumeter.c */,
			);
			path = Gertboard;
			sourceTree = "<group>";
		};
		4502E4951D98F11300A27588 /* PiFace */ = {
			isa = PBXGroup;
			children = (
				4502E4961D98F11300A27588 /* blink.c */,
				4502E4971D98F11300A27588 /* buttons.c */,
				4502E4981D98F11300A27588 /* ladder.c */,
				4502E4991D98F11300A27588 /* Makefile */,
				4502E49A1D98F11300A27588 /* metro.c */,
				4502E49B1D98F11300A27588 /* motor.c */,
				4502E49C1D98F11300A27588 /* reaction.c */,
			);
			path = PiFace;
			sourceTree = "<group>";
		};
		4502E49D1D98F11300A27588 /* PiGlow */ = {
			isa = PBXGroup;
			children = (
				4502E49E1D98F11300A27588 /* Makefile */,
				4502E49F1D98F11300A27588 /* piglow.c */,
				4502E4A01D98F11300A27588 /* piGlow0.c */,
				4502E4A11D98F11300A27588 /* piGlow1.c */,
			);
			path = PiGlow;
			sourceTree = "<group>";
		};
		4502E4A31D98F11300A27588 /* q2w */ = {
			isa = PBXGroup;
			children = (
				4502E4A41D98F11300A27588 /* binary.c */,
				4502E4A51D98F11300A27588 /* blink-io.c */,
				4502E4A61D98F11300A27588 /* blink.c */,
				4502E4A71D98F11300A27588 /* blink.sh */,
				4502E4A81D98F11300A27588 /* bright.c */,
				4502E4A91D98F11300A27588 /* button.c */,
				4502E4AA1D98F11300A27588 /* Makefile */,
				4502E4AB1D98F11300A27588 /* volts.c */,
			);
			path = q2w;
			sourceTree = "<group>";
		};
		4502E4AE1D98F11300A27588 /* scrollPhat */ = {
			isa = PBXGroup;
			children = (
				4502E4AF1D98F11300A27588 /* Makefile */,
				4502E4B01D98F11300A27588 /* scphat.c */,
				4502E4B11D98F11300A27588 /* test.c */,
			);
			path = scrollPhat;
			sourceTree = "<group>";
		};
		4502E4BA1D98F11300A27588 /* gpio */ = {
			isa = PBXGroup;
			children = (
				4502E4BB1D98F11300A27588 /* COPYING.LESSER */,
				4502E4BC1D98F11300A27588 /* gpio.1 */,
				4502E4BD1D98F11300A27588 /* gpio.c */,
				4502E4BE1D98F11300A27588 /* Makefile */,
				4502E4BF1D98F11300A27588 /* pins.c */,
				4502E4C01D98F11300A27588 /* pintest */,
				4502E4C11D98F11300A27588 /* readall.c */,
				4502E4C21D98F11300A27588 /* test.sh */,
				4502E4C31D98F11300A27588 /* version.h */,
			);
			path = gpio;
			sourceTree = "<group>";
		};
		4502E4C71D98F11300A27588 /* pins */ = {
			isa = PBXGroup;
			children = (
				4502E4C81D98F11300A27588 /* Makefile */,
				4502E4C91D98F11300A27588 /* pins.pdf */,
				4502E4CA1D98F11300A27588 /* pins.tex */,
			);
			path = pins;
			sourceTree = "<group>";
		};
		4502E4CD1D98F11300A27588 /* wiringPi */ = {
			isa = PBXGroup;
			children = (
				4502E4CE1D98F11300A27588 /* ads1115.c */,
				4502E4CF1D98F11300A27588 /* ads1115.h */,
				4502E4D01D98F11300A27588 /* COPYING.LESSER */,
				4502E4D11D98F11300A27588 /* drcSerial.c */,
				4502E4D21D98F11300A27588 /* drcSerial.h */,
				4502E4D31D98F11300A27588 /* Makefile */,
				4502E4D41D98F11300A27588 /* max31855.c */,
				4502E4D51D98F11300A27588 /* max31855.h */,
				4502E4D61D98F11300A27588 /* max5322.c */,
				4502E4D71D98F11300A27588 /* max5322.h */,
				4502E4D81D98F11300A27588 /* mcp23008.c */,
				4502E4D91D98F11300A27588 /* mcp23008.h */,
				4502E4DA1D98F11300A27588 /* mcp23016.c */,
				4502E4DB1D98F11300A27588 /* mcp23016.h */,
				4502E4DC1D98F11300A27588 /* mcp23016reg.h */,
				4502E4DD1D98F11300A27588 /* mcp23017.c */,
				4502E4DE1D98F11300A27588 /* mcp23017.h */,
				4502E4DF1D98F11300A27588 /* mcp23s08.c */,
				4502E4E01D98F11300A27588 /* mcp23s08.h */,
				4502E4E11D98F11300A27588 /* mcp23s17.c */,
				4502E4E21D98F11300A27588 /* mcp23s17.h */,
				4502E4E31D98F11300A27588 /* mcp23x08.h */,
				4502E4E41D98F11300A27588 /* mcp23x0817.h */,
				4502E4E51D98F11300A27588 /* mcp3002.c */,
				4502E4E61D98F11300A27588 /* mcp3002.h */,
				4502E4E71D98F11300A27588 /* mcp3004.c */,
				4502E4E81D98F11300A27588 /* mcp3004.h */,
				4502E4E91D98F11300A27588 /* mcp3422.c */,
				4502E4EA1D98F11300A27588 /* mcp3422.h */,
				4502E4EB1D98F11300A27588 /* mcp4802.c */,
				4502E4EC1D98F11300A27588 /* mcp4802.h */,
				4502E4ED1D98F11300A27588 /* pcf8574.c */,
				4502E4EE1D98F11300A27588 /* pcf8574.h */,
				4502E4EF1D98F11300A27588 /* pcf8591.c */,
				4502E4F01D98F11300A27588 /* pcf8591.h */,
				4502E4F11D98F11300A27588 /* piHiPri.c */,
				4502E4F21D98F11300A27588 /* piThread.c */,
				4502E4F31D98F11300A27588 /* sn3218.c */,
				4502E4F41D98F11300A27588 /* sn3218.h */,
				4502E4F51D98F11300A27588 /* softPwm.c */,
				4502E4F61D98F11300A27588 /* softPwm.h */,
				4502E4F71D98F11300A27588 /* softServo.c */,
				4502E4F81D98F11300A27588 /* softServo.h */,
				4502E4F91D98F11300A27588 /* softTone.c */,
				4502E4FA1D98F11300A27588 /* softTone.h */,
				4502E4FB1D98F11300A27588 /* sr595.c */,
				4502E4FC1D98F11300A27588 /* sr595.h */,
				4502E4FD1D98F11300A27588 /* wiringPi.c */,
				4502E4FE1D98F11300A27588 /* wiringPi.h */,
				4502E4FF1D98F11300A27588 /* wiringPiI2C.c */,
				4502E5001D98F11300A27588 /* wiringPiI2C.h */,
				4502E5011D98F11300A27588 /* wiringPiSPI.c */,
				4502E5021D98F11300A27588 /* wiringPiSPI.h */,
				4502E5031D98F11300A27588 /* wiringSerial.c */,
				4502E5041D98F11300A27588 /* wiringSerial.h */,
				4502E5051D98F11300A27588 /* wiringShift.c */,
				4502E5061D98F11300A27588 /* wiringShift.h */,
				4502E5071D98F11300A27588 /* wpiExtensions.c */,
				4502E5081D98F11300A27588 /* wpiExtensions.h */,
			);
			path = wiringPi;
			sourceTree = "<group>";
		};
		452AA70A1D9514AE0005D192 = {
			isa = PBXGroup;
			children = (
				45FE9ABC1D9CDF11000C872D /* Makefile */,
				4502E3E61D98EDF700A27588 /* test */,
				4502E3E71D98EDF700A27588 /* includes */,
				4502E3E81D98EDF700A27588 /* lib */,
				4502E4251D98EDF700A27588 /* src */,
				452AA7141D9514AE0005D192 /* Products */,
			);
			sourceTree = "<group>";
		};
		452AA7141D9514AE0005D192 /* Products */ = {
			isa = PBXGroup;
			children = (
				452AA7131D9514AE0005D192 /* rpi_slam */,
			);
			name = Products;
			sourceTree = "<group>";
		};
/* End PBXGroup section */

/* Begin PBXNativeTarget section */
		452AA7121D9514AE0005D192 /* rpi_slam */ = {
			isa = PBXNativeTarget;
			buildConfigurationList = 452AA71A1D9514AE0005D192 /* Build configuration list for PBXNativeTarget "rpi_slam" */;
			buildPhases = (
				452AA70F1D9514AE0005D192 /* Sources */,
				452AA7101D9514AE0005D192 /* Frameworks */,
				452AA7111D9514AE0005D192 /* CopyFiles */,
			);
			buildRules = (
			);
			dependencies = (
			);
			name = rpi_slam;
			productName = rpi_slam;
			productReference = 452AA7131D9514AE0005D192 /* rpi_slam */;
			productType = "com.apple.product-type.tool";
		};
/* End PBXNativeTarget section */

/* Begin PBXProject section */
		452AA70B1D9514AE0005D192 /* Project object */ = {
			isa = PBXProject;
			attributes = {
				LastUpgradeCheck = 0730;
				ORGANIZATIONNAME = "Andrew Schmitt";
				TargetAttributes = {
					452AA7121D9514AE0005D192 = {
						CreatedOnToolsVersion = 7.3.1;
					};
				};
			};
			buildConfigurationList = 452AA70E1D9514AE0005D192 /* Build configuration list for PBXProject "rpi_slam" */;
			compatibilityVersion = "Xcode 3.2";
			developmentRegion = English;
			hasScannedForEncodings = 0;
			knownRegions = (
				en,
			);
			mainGroup = 452AA70A1D9514AE0005D192;
			productRefGroup = 452AA7141D9514AE0005D192 /* Products */;
			projectDirPath = "";
			projectRoot = "";
			targets = (
				452AA7121D9514AE0005D192 /* rpi_slam */,
			);
		};
/* End PBXProject section */

/* Begin PBXSourcesBuildPhase section */
		452AA70F1D9514AE0005D192 /* Sources */ = {
			isa = PBXSourcesBuildPhase;
			buildActionMask = 2147483647;
			files = (
				4502E5671D98F11300A27588 /* sr595.c in Sources */,
				4502E53A1D98F11300A27588 /* blink-io.c in Sources */,
				4502E5341D98F11300A27588 /* Makefile in Sources */,
				4502E5351D98F11300A27588 /* piglow.c in Sources */,
				4502E5401D98F11300A27588 /* rht03.c in Sources */,
				4502E54B1D98F11300A27588 /* wfi.c in Sources */,
				4502E53D1D98F11300A27588 /* button.c in Sources */,
				4502E56B1D98F11300A27588 /* wiringSerial.c in Sources */,
				4502E5321D98F11300A27588 /* motor.c in Sources */,
				4502E5641D98F11300A27588 /* softPwm.c in Sources */,
				4502E5691D98F11300A27588 /* wiringPiI2C.c in Sources */,
				4502E5361D98F11300A27588 /* piGlow0.c in Sources */,
				4502E52D1D98F11300A27588 /* blink.c in Sources */,
				4502E52B1D98F11300A27588 /* nes.c in Sources */,
				4502E5221D98F11300A27588 /* voltmeter.c in Sources */,
				4502E5471D98F11300A27588 /* softPwm.c in Sources */,
				4502E55E1D98F11300A27588 /* mcp4802.c in Sources */,
				4502E5311D98F11300A27588 /* metro.c in Sources */,
				4502E5101D98F11300A27588 /* piFaceOld.c in Sources */,
				4502E5151D98F11300A27588 /* blink12.c in Sources */,
				4502E55B1D98F11300A27588 /* mcp3002.c in Sources */,
				4502E5281D98F11300A27588 /* lowPower.c in Sources */,
				4502E5331D98F11300A27588 /* reaction.c in Sources */,
				4502E5431D98F11300A27588 /* test.c in Sources */,
				4502E54A1D98F11300A27588 /* spiSpeed.c in Sources */,
				4502E5301D98F11300A27588 /* Makefile in Sources */,
				4502E5211D98F11300A27588 /* temperature.c in Sources */,
				4502E5461D98F11300A27588 /* servo.c in Sources */,
				45FE9ABD1D9CDF11000C872D /* Makefile in Sources */,
				4502E53F1D98F11300A27588 /* volts.c in Sources */,
				4502E5571D98F11300A27588 /* mcp23016.c in Sources */,
				4502E5481D98F11300A27588 /* softTone.c in Sources */,
				4502E56C1D98F11300A27588 /* wiringShift.c in Sources */,
				4502E5421D98F11300A27588 /* scphat.c in Sources */,
				4502E54C1D98F11300A27588 /* gpio.c in Sources */,
				4502E5601D98F11300A27588 /* pcf8591.c in Sources */,
				4502E50D1D98F11300A27588 /* Makefile in Sources */,
				4502E5141D98F11300A27588 /* blink.c in Sources */,
				4502E5251D98F11300A27588 /* isr.c in Sources */,
				4502E5201D98F11300A27588 /* record.c in Sources */,
				4502E5621D98F11300A27588 /* piThread.c in Sources */,
				4502E52E1D98F11300A27588 /* buttons.c in Sources */,
				4502E5161D98F11300A27588 /* blink12drcs.c in Sources */,
				4502E52F1D98F11300A27588 /* ladder.c in Sources */,
				4502E5521D98F11300A27588 /* drcSerial.c in Sources */,
				4502E5271D98F11300A27588 /* lcd.c in Sources */,
				4502E5661D98F11300A27588 /* softTone.c in Sources */,
				4502E5501D98F11300A27588 /* Makefile in Sources */,
				4502E50F1D98F11300A27588 /* piFace.c in Sources */,
				4502E5611D98F11300A27588 /* piHiPri.c in Sources */,
				4502E53E1D98F11300A27588 /* Makefile in Sources */,
				4502E56D1D98F11300A27588 /* wpiExtensions.c in Sources */,
				4502E5681D98F11300A27588 /* wiringPi.c in Sources */,
				4502E55C1D98F11300A27588 /* mcp3004.c in Sources */,
				4502E5411D98F11300A27588 /* Makefile in Sources */,
				4502E51F1D98F11300A27588 /* Makefile in Sources */,
				4502E51C1D98F11300A27588 /* 7segments.c in Sources */,
				4502E5511D98F11300A27588 /* ads1115.c in Sources */,
				45FE9AC01D9CEA4A000C872D /* UltraSensor.cpp in Sources */,
				4502E5531D98F11300A27588 /* Makefile in Sources */,
				4502E5561D98F11300A27588 /* mcp23008.c in Sources */,
				4502E5111D98F11300A27588 /* piGlow.c in Sources */,
				4502E5631D98F11300A27588 /* sn3218.c in Sources */,
				4502E54D1D98F11300A27588 /* Makefile in Sources */,
				4502E52A1D98F11300A27588 /* max31855.c in Sources */,
				45FE9AC31D9CF4AC000C872D /* ConcurrentQueue.cpp in Sources */,
				4502E53B1D98F11300A27588 /* blink.c in Sources */,
				4502E5241D98F11300A27588 /* isr-osc.c in Sources */,
				4502E5091D98F11300A27588 /* ds1302.c in Sources */,
				4502E54E1D98F11300A27588 /* pins.c in Sources */,
				4502E5541D98F11300A27588 /* max31855.c in Sources */,
				4502E5371D98F11300A27588 /* piGlow1.c in Sources */,
				4502E51E1D98F11300A27588 /* gertboard.c in Sources */,
				4502E5291D98F11300A27588 /* Makefile in Sources */,
				4502E55F1D98F11300A27588 /* pcf8574.c in Sources */,
				4502E5451D98F11300A27588 /* serialTest.c in Sources */,
				4502E5581D98F11300A27588 /* mcp23017.c in Sources */,
				4502E5491D98F11300A27588 /* speed.c in Sources */,
				4502E52C1D98F11300A27588 /* okLed.c in Sources */,
				4502E5441D98F11300A27588 /* serialRead.c in Sources */,
				4502E5381D98F11300A27588 /* pwm.c in Sources */,
				4502E51A1D98F11300A27588 /* delayTest.c in Sources */,
				4502E55D1D98F11300A27588 /* mcp3422.c in Sources */,
				4502E5591D98F11300A27588 /* mcp23s08.c in Sources */,
				4502E54F1D98F11300A27588 /* readall.c in Sources */,
				4502E56A1D98F11300A27588 /* wiringPiSPI.c in Sources */,
				4502E5261D98F11300A27588 /* lcd-adafruit.c in Sources */,
				4502E53C1D98F11300A27588 /* bright.c in Sources */,
				4502E50C1D98F11300A27588 /* lcd128x64.c in Sources */,
				4502E50B1D98F11300A27588 /* lcd.c in Sources */,
				4502E55A1D98F11300A27588 /* mcp23s17.c in Sources */,
				4502E5121D98F11300A27588 /* piNes.c in Sources */,
				4502E5551D98F11300A27588 /* max5322.c in Sources */,
				4502E5231D98F11300A27588 /* vumeter.c in Sources */,
				4502E50E1D98F11300A27588 /* maxdetect.c in Sources */,
				4502E5191D98F11300A27588 /* clock.c in Sources */,
				4502E5651D98F11300A27588 /* softServo.c in Sources */,
				4502E5391D98F11300A27588 /* binary.c in Sources */,
				4502E5131D98F11300A27588 /* scrollPhat.c in Sources */,
				4502E5181D98F11300A27588 /* blink8.c in Sources */,
				4502E4451D98EE2700A27588 /* main.cpp in Sources */,
				4502E50A1D98F11300A27588 /* gertboard.c in Sources */,
				4502E51D1D98F11300A27588 /* buttons.c in Sources */,
				4502E51B1D98F11300A27588 /* ds1302.c in Sources */,
				4502E5171D98F11300A27588 /* blink6drcs.c in Sources */,
			);
			runOnlyForDeploymentPostprocessing = 0;
		};
/* End PBXSourcesBuildPhase section */

/* Begin XCBuildConfiguration section */
		452AA7181D9514AE0005D192 /* Debug */ = {
			isa = XCBuildConfiguration;
			buildSettings = {
				ALWAYS_SEARCH_USER_PATHS = NO;
				CLANG_ANALYZER_NONNULL = YES;
				CLANG_CXX_LANGUAGE_STANDARD = "gnu++0x";
				CLANG_CXX_LIBRARY = "libc++";
				CLANG_ENABLE_MODULES = YES;
				CLANG_ENABLE_OBJC_ARC = YES;
				CLANG_WARN_BOOL_CONVERSION = YES;
				CLANG_WARN_CONSTANT_CONVERSION = YES;
				CLANG_WARN_DIRECT_OBJC_ISA_USAGE = YES_ERROR;
				CLANG_WARN_EMPTY_BODY = YES;
				CLANG_WARN_ENUM_CONVERSION = YES;
				CLANG_WARN_INT_CONVERSION = YES;
				CLANG_WARN_OBJC_ROOT_CLASS = YES_ERROR;
				CLANG_WARN_UNREACHABLE_CODE = YES;
				CLANG_WARN__DUPLICATE_METHOD_MATCH = YES;
				CODE_SIGN_IDENTITY = "-";
				COPY_PHASE_STRIP = NO;
				DEBUG_INFORMATION_FORMAT = dwarf;
				ENABLE_STRICT_OBJC_MSGSEND = YES;
				ENABLE_TESTABILITY = YES;
				GCC_C_LANGUAGE_STANDARD = gnu99;
				GCC_DYNAMIC_NO_PIC = NO;
				GCC_NO_COMMON_BLOCKS = YES;
				GCC_OPTIMIZATION_LEVEL = 0;
				GCC_PREPROCESSOR_DEFINITIONS = (
					"DEBUG=1",
					"$(inherited)",
				);
				GCC_WARN_64_TO_32_BIT_CONVERSION = YES;
				GCC_WARN_ABOUT_RETURN_TYPE = YES_ERROR;
				GCC_WARN_UNDECLARED_SELECTOR = YES;
				GCC_WARN_UNINITIALIZED_AUTOS = YES_AGGRESSIVE;
				GCC_WARN_UNUSED_FUNCTION = YES;
				GCC_WARN_UNUSED_VARIABLE = YES;
				MACOSX_DEPLOYMENT_TARGET = 10.11;
				MTL_ENABLE_DEBUG_INFO = YES;
				ONLY_ACTIVE_ARCH = YES;
				SDKROOT = macosx;
			};
			name = Debug;
		};
		452AA7191D9514AE0005D192 /* Release */ = {
			isa = XCBuildConfiguration;
			buildSettings = {
				ALWAYS_SEARCH_USER_PATHS = NO;
				CLANG_ANALYZER_NONNULL = YES;
				CLANG_CXX_LANGUAGE_STANDARD = "gnu++0x";
				CLANG_CXX_LIBRARY = "libc++";
				CLANG_ENABLE_MODULES = YES;
				CLANG_ENABLE_OBJC_ARC = YES;
				CLANG_WARN_BOOL_CONVERSION = YES;
				CLANG_WARN_CONSTANT_CONVERSION = YES;
				CLANG_WARN_DIRECT_OBJC_ISA_USAGE = YES_ERROR;
				CLANG_WARN_EMPTY_BODY = YES;
				CLANG_WARN_ENUM_CONVERSION = YES;
				CLANG_WARN_INT_CONVERSION = YES;
				CLANG_WARN_OBJC_ROOT_CLASS = YES_ERROR;
				CLANG_WARN_UNREACHABLE_CODE = YES;
				CLANG_WARN__DUPLICATE_METHOD_MATCH = YES;
				CODE_SIGN_IDENTITY = "-";
				COPY_PHASE_STRIP = NO;
				DEBUG_INFORMATION_FORMAT = "dwarf-with-dsym";
				ENABLE_NS_ASSERTIONS = NO;
				ENABLE_STRICT_OBJC_MSGSEND = YES;
				GCC_C_LANGUAGE_STANDARD = gnu99;
				GCC_NO_COMMON_BLOCKS = YES;
				GCC_WARN_64_TO_32_BIT_CONVERSION = YES;
				GCC_WARN_ABOUT_RETURN_TYPE = YES_ERROR;
				GCC_WARN_UNDECLARED_SELECTOR = YES;
				GCC_WARN_UNINITIALIZED_AUTOS = YES_AGGRESSIVE;
				GCC_WARN_UNUSED_FUNCTION = YES;
				GCC_WARN_UNUSED_VARIABLE = YES;
				MACOSX_DEPLOYMENT_TARGET = 10.11;
				MTL_ENABLE_DEBUG_INFO = NO;
				SDKROOT = macosx;
			};
			name = Release;
		};
		452AA71B1D9514AE0005D192 /* Debug */ = {
			isa = XCBuildConfiguration;
			buildSettings = {
				HEADER_SEARCH_PATHS = "lib/**";
				"INFOPLIST_FILE[sdk=*]" = "";
				PRODUCT_NAME = "$(TARGET_NAME)";
			};
			name = Debug;
		};
		452AA71C1D9514AE0005D192 /* Release */ = {
			isa = XCBuildConfiguration;
			buildSettings = {
				HEADER_SEARCH_PATHS = "lib/**";
				PRODUCT_NAME = "$(TARGET_NAME)";
			};
			name = Release;
		};
/* End XCBuildConfiguration section */

/* Begin XCConfigurationList section */
		452AA70E1D9514AE0005D192 /* Build configuration list for PBXProject "rpi_slam" */ = {
			isa = XCConfigurationList;
			buildConfigurations = (
				452AA7181D9514AE0005D192 /* Debug */,
				452AA7191D9514AE0005D192 /* Release */,
			);
			defaultConfigurationIsVisible = 0;
			defaultConfigurationName = Release;
		};
		452AA71A1D9514AE0005D192 /* Build configuration list for PBXNativeTarget "rpi_slam" */ = {
			isa = XCConfigurationList;
			buildConfigurations = (
				452AA71B1D9514AE0005D192 /* Debug */,
				452AA71C1D9514AE0005D192 /* Release */,
			);
			defaultConfigurationIsVisible = 0;
			defaultConfigurationName = Release;
		};
/* End XCConfigurationList section */
	};
	rootObject = 452AA70B1D9514AE0005D192 /* Project object */;
}
