// !$*UTF8*$!
{
	archiveVersion = 1;
	classes = {
	};
	objectVersion = 46;
	objects = {

/* Begin PBXBuildFile section */
		4502E4451D98EE2700A27588 /* main.cpp in Sources */ = {isa = PBXBuildFile; fileRef = 4502E4431D98EE2700A27588 /* main.cpp */; };
		45FE9ABD1D9CDF11000C872D /* Makefile in Sources */ = {isa = PBXBuildFile; fileRef = 45FE9ABC1D9CDF11000C872D /* Makefile */; };
		45FE9AC01D9CEA4A000C872D /* UltraSensor.cpp in Sources */ = {isa = PBXBuildFile; fileRef = 45FE9ABE1D9CEA4A000C872D /* UltraSensor.cpp */; };
		45FE9AC31D9CF4AC000C872D /* ConcurrentQueue.cpp in Sources */ = {isa = PBXBuildFile; fileRef = 45FE9AC21D9CF4AC000C872D /* ConcurrentQueue.cpp */; };
		45FE9AC61D9FB232000C872D /* Exceptions.cpp in Sources */ = {isa = PBXBuildFile; fileRef = 45FE9AC51D9FB232000C872D /* Exceptions.cpp */; };
/* End PBXBuildFile section */

/* Begin PBXCopyFilesBuildPhase section */
		452AA7111D9514AE0005D192 /* CopyFiles */ = {
			isa = PBXCopyFilesBuildPhase;
			buildActionMask = 2147483647;
			dstPath = /usr/share/man/man1/;
			dstSubfolderSpec = 0;
			files = (
			);
			runOnlyForDeploymentPostprocessing = 1;
		};
/* End PBXCopyFilesBuildPhase section */

/* Begin PBXFileReference section */
		4502E4431D98EE2700A27588 /* main.cpp */ = {isa = PBXFileReference; fileEncoding = 4; lastKnownFileType = sourcecode.cpp.cpp; path = main.cpp; sourceTree = "<group>"; };
		4502E4471D98EF4200A27588 /* main.hpp */ = {isa = PBXFileReference; fileEncoding = 4; lastKnownFileType = sourcecode.cpp.h; path = main.hpp; sourceTree = "<group>"; };
		452AA7131D9514AE0005D192 /* rpi_slam */ = {isa = PBXFileReference; explicitFileType = "compiled.mach-o.executable"; includeInIndex = 0; path = rpi_slam; sourceTree = BUILT_PRODUCTS_DIR; };
		45FE9ABC1D9CDF11000C872D /* Makefile */ = {isa = PBXFileReference; fileEncoding = 4; lastKnownFileType = sourcecode.make; path = Makefile; sourceTree = "<group>"; };
		45FE9ABE1D9CEA4A000C872D /* UltraSensor.cpp */ = {isa = PBXFileReference; fileEncoding = 4; lastKnownFileType = sourcecode.cpp.cpp; path = UltraSensor.cpp; sourceTree = "<group>"; };
		45FE9AC11D9CEA7A000C872D /* UltraSensor.hpp */ = {isa = PBXFileReference; fileEncoding = 4; lastKnownFileType = sourcecode.cpp.h; path = UltraSensor.hpp; sourceTree = "<group>"; };
		45FE9AC21D9CF4AC000C872D /* ConcurrentQueue.cpp */ = {isa = PBXFileReference; fileEncoding = 4; lastKnownFileType = sourcecode.cpp.cpp; path = ConcurrentQueue.cpp; sourceTree = "<group>"; };
		45FE9AC41D9CF4C0000C872D /* ConcurrentQueue.hpp */ = {isa = PBXFileReference; lastKnownFileType = sourcecode.cpp.h; path = ConcurrentQueue.hpp; sourceTree = "<group>"; };
		45FE9AC51D9FB232000C872D /* Exceptions.cpp */ = {isa = PBXFileReference; fileEncoding = 4; lastKnownFileType = sourcecode.cpp.cpp; path = Exceptions.cpp; sourceTree = "<group>"; };
		45FE9AC71D9FB245000C872D /* Exceptions.hpp */ = {isa = PBXFileReference; lastKnownFileType = sourcecode.cpp.h; path = Exceptions.hpp; sourceTree = "<group>"; };
/* End PBXFileReference section */

/* Begin PBXFrameworksBuildPhase section */
		452AA7101D9514AE0005D192 /* Frameworks */ = {
			isa = PBXFrameworksBuildPhase;
			buildActionMask = 2147483647;
			files = (
			);
			runOnlyForDeploymentPostprocessing = 0;
		};
/* End PBXFrameworksBuildPhase section */

/* Begin PBXGroup section */
		4502E3E61D98EDF700A27588 /* test */ = {
			isa = PBXGroup;
			children = (
			);
			path = test;
			sourceTree = "<group>";
		};
		4502E3E71D98EDF700A27588 /* includes */ = {
			isa = PBXGroup;
			children = (
				4502E4471D98EF4200A27588 /* main.hpp */,
				45FE9AC11D9CEA7A000C872D /* UltraSensor.hpp */,
				45FE9AC41D9CF4C0000C872D /* ConcurrentQueue.hpp */,
				45FE9AC71D9FB245000C872D /* Exceptions.hpp */,
			);
			path = includes;
			sourceTree = "<group>";
		};
		4502E3E81D98EDF700A27588 /* lib */ = {
			isa = PBXGroup;
			children = (
			);
			path = lib;
			sourceTree = "<group>";
		};
		4502E4251D98EDF700A27588 /* src */ = {
			isa = PBXGroup;
			children = (
				4502E4431D98EE2700A27588 /* main.cpp */,
				45FE9ABE1D9CEA4A000C872D /* UltraSensor.cpp */,
				45FE9AC21D9CF4AC000C872D /* ConcurrentQueue.cpp */,
				45FE9AC51D9FB232000C872D /* Exceptions.cpp */,
			);
			path = src;
			sourceTree = "<group>";
		};
		452AA70A1D9514AE0005D192 = {
			isa = PBXGroup;
			children = (
				45FE9ABC1D9CDF11000C872D /* Makefile */,
				4502E3E61D98EDF700A27588 /* test */,
				4502E3E71D98EDF700A27588 /* includes */,
				4502E3E81D98EDF700A27588 /* lib */,
				4502E4251D98EDF700A27588 /* src */,
				452AA7141D9514AE0005D192 /* Products */,
			);
			sourceTree = "<group>";
		};
		452AA7141D9514AE0005D192 /* Products */ = {
			isa = PBXGroup;
			children = (
				452AA7131D9514AE0005D192 /* rpi_slam */,
			);
			name = Products;
			sourceTree = "<group>";
		};
/* End PBXGroup section */

/* Begin PBXNativeTarget section */
		452AA7121D9514AE0005D192 /* rpi_slam */ = {
			isa = PBXNativeTarget;
			buildConfigurationList = 452AA71A1D9514AE0005D192 /* Build configuration list for PBXNativeTarget "rpi_slam" */;
			buildPhases = (
				452AA70F1D9514AE0005D192 /* Sources */,
				452AA7101D9514AE0005D192 /* Frameworks */,
				452AA7111D9514AE0005D192 /* CopyFiles */,
			);
			buildRules = (
			);
			dependencies = (
			);
			name = rpi_slam;
			productName = rpi_slam;
			productReference = 452AA7131D9514AE0005D192 /* rpi_slam */;
			productType = "com.apple.product-type.tool";
		};
/* End PBXNativeTarget section */

/* Begin PBXProject section */
		452AA70B1D9514AE0005D192 /* Project object */ = {
			isa = PBXProject;
			attributes = {
				LastUpgradeCheck = 0730;
				ORGANIZATIONNAME = "Andrew Schmitt";
				TargetAttributes = {
					452AA7121D9514AE0005D192 = {
						CreatedOnToolsVersion = 7.3.1;
					};
				};
			};
			buildConfigurationList = 452AA70E1D9514AE0005D192 /* Build configuration list for PBXProject "rpi_slam" */;
			compatibilityVersion = "Xcode 3.2";
			developmentRegion = English;
			hasScannedForEncodings = 0;
			knownRegions = (
				en,
			);
			mainGroup = 452AA70A1D9514AE0005D192;
			productRefGroup = 452AA7141D9514AE0005D192 /* Products */;
			projectDirPath = "";
			projectRoot = "";
			targets = (
				452AA7121D9514AE0005D192 /* rpi_slam */,
			);
		};
/* End PBXProject section */

/* Begin PBXSourcesBuildPhase section */
		452AA70F1D9514AE0005D192 /* Sources */ = {
			isa = PBXSourcesBuildPhase;
			buildActionMask = 2147483647;
			files = (
				45FE9ABD1D9CDF11000C872D /* Makefile in Sources */,
				45FE9AC01D9CEA4A000C872D /* UltraSensor.cpp in Sources */,
				45FE9AC31D9CF4AC000C872D /* ConcurrentQueue.cpp in Sources */,
				45FE9AC61D9FB232000C872D /* Exceptions.cpp in Sources */,
				4502E4451D98EE2700A27588 /* main.cpp in Sources */,
			);
			runOnlyForDeploymentPostprocessing = 0;
		};
/* End PBXSourcesBuildPhase section */

/* Begin XCBuildConfiguration section */
		452AA7181D9514AE0005D192 /* Debug */ = {
			isa = XCBuildConfiguration;
			buildSettings = {
				ALWAYS_SEARCH_USER_PATHS = NO;
				CLANG_ANALYZER_NONNULL = YES;
				CLANG_CXX_LANGUAGE_STANDARD = "gnu++0x";
				CLANG_CXX_LIBRARY = "libc++";
				CLANG_ENABLE_MODULES = YES;
				CLANG_ENABLE_OBJC_ARC = YES;
				CLANG_WARN_BOOL_CONVERSION = YES;
				CLANG_WARN_CONSTANT_CONVERSION = YES;
				CLANG_WARN_DIRECT_OBJC_ISA_USAGE = YES_ERROR;
				CLANG_WARN_EMPTY_BODY = YES;
				CLANG_WARN_ENUM_CONVERSION = YES;
				CLANG_WARN_INT_CONVERSION = YES;
				CLANG_WARN_OBJC_ROOT_CLASS = YES_ERROR;
				CLANG_WARN_UNREACHABLE_CODE = YES;
				CLANG_WARN__DUPLICATE_METHOD_MATCH = YES;
				CODE_SIGN_IDENTITY = "-";
				COPY_PHASE_STRIP = NO;
				DEBUG_INFORMATION_FORMAT = dwarf;
				ENABLE_STRICT_OBJC_MSGSEND = YES;
				ENABLE_TESTABILITY = YES;
				GCC_C_LANGUAGE_STANDARD = gnu99;
				GCC_DYNAMIC_NO_PIC = NO;
				GCC_NO_COMMON_BLOCKS = YES;
				GCC_OPTIMIZATION_LEVEL = 0;
				GCC_PREPROCESSOR_DEFINITIONS = (
					"DEBUG=1",
					"$(inherited)",
				);
				GCC_WARN_64_TO_32_BIT_CONVERSION = YES;
				GCC_WARN_ABOUT_RETURN_TYPE = YES_ERROR;
				GCC_WARN_UNDECLARED_SELECTOR = YES;
				GCC_WARN_UNINITIALIZED_AUTOS = YES_AGGRESSIVE;
				GCC_WARN_UNUSED_FUNCTION = YES;
				GCC_WARN_UNUSED_VARIABLE = YES;
				MACOSX_DEPLOYMENT_TARGET = 10.11;
				MTL_ENABLE_DEBUG_INFO = YES;
				ONLY_ACTIVE_ARCH = YES;
				SDKROOT = macosx;
			};
			name = Debug;
		};
		452AA7191D9514AE0005D192 /* Release */ = {
			isa = XCBuildConfiguration;
			buildSettings = {
				ALWAYS_SEARCH_USER_PATHS = NO;
				CLANG_ANALYZER_NONNULL = YES;
				CLANG_CXX_LANGUAGE_STANDARD = "gnu++0x";
				CLANG_CXX_LIBRARY = "libc++";
				CLANG_ENABLE_MODULES = YES;
				CLANG_ENABLE_OBJC_ARC = YES;
				CLANG_WARN_BOOL_CONVERSION = YES;
				CLANG_WARN_CONSTANT_CONVERSION = YES;
				CLANG_WARN_DIRECT_OBJC_ISA_USAGE = YES_ERROR;
				CLANG_WARN_EMPTY_BODY = YES;
				CLANG_WARN_ENUM_CONVERSION = YES;
				CLANG_WARN_INT_CONVERSION = YES;
				CLANG_WARN_OBJC_ROOT_CLASS = YES_ERROR;
				CLANG_WARN_UNREACHABLE_CODE = YES;
				CLANG_WARN__DUPLICATE_METHOD_MATCH = YES;
				CODE_SIGN_IDENTITY = "-";
				COPY_PHASE_STRIP = NO;
				DEBUG_INFORMATION_FORMAT = "dwarf-with-dsym";
				ENABLE_NS_ASSERTIONS = NO;
				ENABLE_STRICT_OBJC_MSGSEND = YES;
				GCC_C_LANGUAGE_STANDARD = gnu99;
				GCC_NO_COMMON_BLOCKS = YES;
				GCC_WARN_64_TO_32_BIT_CONVERSION = YES;
				GCC_WARN_ABOUT_RETURN_TYPE = YES_ERROR;
				GCC_WARN_UNDECLARED_SELECTOR = YES;
				GCC_WARN_UNINITIALIZED_AUTOS = YES_AGGRESSIVE;
				GCC_WARN_UNUSED_FUNCTION = YES;
				GCC_WARN_UNUSED_VARIABLE = YES;
				MACOSX_DEPLOYMENT_TARGET = 10.11;
				MTL_ENABLE_DEBUG_INFO = NO;
				SDKROOT = macosx;
			};
			name = Release;
		};
		452AA71B1D9514AE0005D192 /* Debug */ = {
			isa = XCBuildConfiguration;
			buildSettings = {
				HEADER_SEARCH_PATHS = "lib/**";
				"INFOPLIST_FILE[sdk=*]" = "";
				PRODUCT_NAME = "$(TARGET_NAME)";
			};
			name = Debug;
		};
		452AA71C1D9514AE0005D192 /* Release */ = {
			isa = XCBuildConfiguration;
			buildSettings = {
				HEADER_SEARCH_PATHS = "lib/**";
				PRODUCT_NAME = "$(TARGET_NAME)";
			};
			name = Release;
		};
/* End XCBuildConfiguration section */

/* Begin XCConfigurationList section */
		452AA70E1D9514AE0005D192 /* Build configuration list for PBXProject "rpi_slam" */ = {
			isa = XCConfigurationList;
			buildConfigurations = (
				452AA7181D9514AE0005D192 /* Debug */,
				452AA7191D9514AE0005D192 /* Release */,
			);
			defaultConfigurationIsVisible = 0;
			defaultConfigurationName = Release;
		};
		452AA71A1D9514AE0005D192 /* Build configuration list for PBXNativeTarget "rpi_slam" */ = {
			isa = XCConfigurationList;
			buildConfigurations = (
				452AA71B1D9514AE0005D192 /* Debug */,
				452AA71C1D9514AE0005D192 /* Release */,
			);
			defaultConfigurationIsVisible = 0;
			defaultConfigurationName = Release;
		};
/* End XCConfigurationList section */
	};
	rootObject = 452AA70B1D9514AE0005D192 /* Project object */;
}
